PODS:
  - Hue (3.0.1)
  - NewRelicAgent (6.4.1)
  - Realm (3.12.0):
    - Realm/Headers (= 3.12.0)
  - Realm/Headers (3.12.0)
  - RealmSwift (3.12.0):
    - Realm (= 3.12.0)

DEPENDENCIES:
  - Hue
  - NewRelicAgent
  - RealmSwift

SPEC REPOS:
  https://github.com/cocoapods/specs.git:
    - Hue
    - NewRelicAgent
    - Realm
    - RealmSwift

SPEC CHECKSUMS:
  Hue: 93e852fa6211ab35922ad8c293f51c43d6c79eb2
  NewRelicAgent: 1af35e469381d9ad3c87c73faeb05a7e9a584245
  Realm: cdaef23c4ddb36ab1ddffed23f5a7f3332fc5585
  RealmSwift: 5576324033f0aa5ef1e0a839a3da2281dff47a7f

PODFILE CHECKSUM: 50f17118900a8d1d25b011782b53f469437e0ee7

COCOAPODS: 1.5.3
