// !$*UTF8*$!
{
	archiveVersion = 1;
	classes = {
	};
	objectVersion = 50;
	objects = {

/* Begin PBXBuildFile section */
		810900B1224EE3EF00FF8B17 /* BasicDetailView.swift in Sources */ = {isa = PBXBuildFile; fileRef = 810900B0224EE3EF00FF8B17 /* BasicDetailView.swift */; };
		810900B3224EE40100FF8B17 /* BasicDetailView.xib in Resources */ = {isa = PBXBuildFile; fileRef = 810900B2224EE40100FF8B17 /* BasicDetailView.xib */; };
		8112FA7021A7D03600EB61B8 /* WeaponSelectionTableViewController.swift in Sources */ = {isa = PBXBuildFile; fileRef = 8112FA6F21A7D03600EB61B8 /* WeaponSelectionTableViewController.swift */; };
		8112FA7421ACC37D00EB61B8 /* TextFieldView.swift in Sources */ = {isa = PBXBuildFile; fileRef = 8112FA7321ACC37D00EB61B8 /* TextFieldView.swift */; };
		81179D912575E9A1008044A3 /* Font.swift in Sources */ = {isa = PBXBuildFile; fileRef = 81179D902575E9A1008044A3 /* Font.swift */; };
		8123671620CA44DA00F7AEFC /* Main.storyboard in Resources */ = {isa = PBXBuildFile; fileRef = 8123671420CA44DA00F7AEFC /* Main.storyboard */; };
		8123671B20CA44DD00F7AEFC /* Assets.xcassets in Resources */ = {isa = PBXBuildFile; fileRef = 8123671A20CA44DD00F7AEFC /* Assets.xcassets */; };
		8123671E20CA44DD00F7AEFC /* LaunchScreen.storyboard in Resources */ = {isa = PBXBuildFile; fileRef = 8123671C20CA44DD00F7AEFC /* LaunchScreen.storyboard */; };
		8123673420CA44DD00F7AEFC /* CharacterCreatorUITests.swift in Sources */ = {isa = PBXBuildFile; fileRef = 8123673320CA44DD00F7AEFC /* CharacterCreatorUITests.swift */; };
		81243E552279EFE1003A9DA8 /* WeaponStatView.swift in Sources */ = {isa = PBXBuildFile; fileRef = 81243E542279EFE0003A9DA8 /* WeaponStatView.swift */; };
		81243E572279F022003A9DA8 /* WeaponStatView.xib in Resources */ = {isa = PBXBuildFile; fileRef = 81243E562279F022003A9DA8 /* WeaponStatView.xib */; };
		81243E59227A3562003A9DA8 /* Weapon.swift in Sources */ = {isa = PBXBuildFile; fileRef = 81243E58227A3562003A9DA8 /* Weapon.swift */; };
		8124F53E258B3B51004514A8 /* FeatureSelectionViews.swift in Sources */ = {isa = PBXBuildFile; fileRef = 8124F53D258B3B51004514A8 /* FeatureSelectionViews.swift */; };
		8124F550258C2FC1004514A8 /* Selectable.swift in Sources */ = {isa = PBXBuildFile; fileRef = 8124F54F258C2FC1004514A8 /* Selectable.swift */; };
		8124F558258C3A5B004514A8 /* FeatureTests.swift in Sources */ = {isa = PBXBuildFile; fileRef = 8124F557258C3A5B004514A8 /* FeatureTests.swift */; };
		8135B41B21649F170058E9D6 /* SpellSelectionHeaderView.xib in Resources */ = {isa = PBXBuildFile; fileRef = 8135B41A21649F170058E9D6 /* SpellSelectionHeaderView.xib */; };
		8135B43F2169B2040058E9D6 /* SpellDetailView.swift in Sources */ = {isa = PBXBuildFile; fileRef = 8135B43E2169B2030058E9D6 /* SpellDetailView.swift */; };
		8135B4412169B22C0058E9D6 /* SpellDetailView.xib in Resources */ = {isa = PBXBuildFile; fileRef = 8135B4402169B22C0058E9D6 /* SpellDetailView.xib */; };
		8137350C25533D5D004DDBA8 /* Print.swift in Sources */ = {isa = PBXBuildFile; fileRef = 8137350B25533D5D004DDBA8 /* Print.swift */; };
		81529E262152E49D00AD1A1A /* ReviewTableViewCells.swift in Sources */ = {isa = PBXBuildFile; fileRef = 81529E252152E49D00AD1A1A /* ReviewTableViewCells.swift */; };
		8152B3C120D9D320008B7A1A /* Modifier.swift in Sources */ = {isa = PBXBuildFile; fileRef = 8152B3C020D9D320008B7A1A /* Modifier.swift */; };
		8152B3C320D9D32F008B7A1A /* Character.swift in Sources */ = {isa = PBXBuildFile; fileRef = 8152B3C220D9D32F008B7A1A /* Character.swift */; };
		8152B3C520D9D337008B7A1A /* Class.swift in Sources */ = {isa = PBXBuildFile; fileRef = 8152B3C420D9D337008B7A1A /* Class.swift */; };
		8152B3C720D9D340008B7A1A /* Race.swift in Sources */ = {isa = PBXBuildFile; fileRef = 8152B3C620D9D340008B7A1A /* Race.swift */; };
		8152B3CD20D9E01A008B7A1A /* StatDistributionViewController.swift in Sources */ = {isa = PBXBuildFile; fileRef = 8152B3CC20D9E01A008B7A1A /* StatDistributionViewController.swift */; };
		8152B3D120D9E097008B7A1A /* DropdownViewController.swift in Sources */ = {isa = PBXBuildFile; fileRef = 8152B3D020D9E097008B7A1A /* DropdownViewController.swift */; };
		8152B3D320D9E0B5008B7A1A /* ReviewViewController.swift in Sources */ = {isa = PBXBuildFile; fileRef = 8152B3D220D9E0B5008B7A1A /* ReviewViewController.swift */; };
		8152B3DF20DAE9EE008B7A1A /* StatStepperView.swift in Sources */ = {isa = PBXBuildFile; fileRef = 8152B3DE20DAE9EE008B7A1A /* StatStepperView.swift */; };
		8152B3E120DAE9FB008B7A1A /* StatStepperView.xib in Resources */ = {isa = PBXBuildFile; fileRef = 8152B3E020DAE9FB008B7A1A /* StatStepperView.xib */; };
		8152B3E720DC124D008B7A1A /* UIView.swift in Sources */ = {isa = PBXBuildFile; fileRef = 8152B3E620DC124D008B7A1A /* UIView.swift */; };
		8152B3EB20DC3B48008B7A1A /* races.swift in Sources */ = {isa = PBXBuildFile; fileRef = 8152B3EA20DC3B48008B7A1A /* races.swift */; };
		8152B41120DEDA8D008B7A1A /* Int.swift in Sources */ = {isa = PBXBuildFile; fileRef = 8152B41020DEDA8D008B7A1A /* Int.swift */; };
		8152B41420DEE659008B7A1A /* DropdownTableViewCell.swift in Sources */ = {isa = PBXBuildFile; fileRef = 8152B41220DEE659008B7A1A /* DropdownTableViewCell.swift */; };
		8152B41520DEE659008B7A1A /* DropdownTableViewCell.xib in Resources */ = {isa = PBXBuildFile; fileRef = 8152B41320DEE659008B7A1A /* DropdownTableViewCell.xib */; };
		81541A302273CD86002C7B72 /* LanguageLabelCollectionViewCell.swift in Sources */ = {isa = PBXBuildFile; fileRef = 81541A2E2273CD86002C7B72 /* LanguageLabelCollectionViewCell.swift */; };
		81541A312273CD86002C7B72 /* RemoveableLanguageLabelCollectionViewCell.xib in Resources */ = {isa = PBXBuildFile; fileRef = 81541A2F2273CD86002C7B72 /* RemoveableLanguageLabelCollectionViewCell.xib */; };
		81541A3322742051002C7B72 /* LanguageSelectionTableViewController.swift in Sources */ = {isa = PBXBuildFile; fileRef = 81541A3222742051002C7B72 /* LanguageSelectionTableViewController.swift */; };
		81541A35227420C2002C7B72 /* Language.swift in Sources */ = {isa = PBXBuildFile; fileRef = 81541A34227420C2002C7B72 /* Language.swift */; };
		81541A3F2276A29B002C7B72 /* StaticLanguageLabelCollectionViewCell.xib in Resources */ = {isa = PBXBuildFile; fileRef = 81541A3D2276A29B002C7B72 /* StaticLanguageLabelCollectionViewCell.xib */; };
		81588402254CF88900693259 /* Color.swift in Sources */ = {isa = PBXBuildFile; fileRef = 81588401254CF88900693259 /* Color.swift */; };
		8169358A2548787400711E67 /* Feature.swift in Sources */ = {isa = PBXBuildFile; fileRef = 816935892548787400711E67 /* Feature.swift */; };
		8169358F2548788E00711E67 /* CreatureSize.swift in Sources */ = {isa = PBXBuildFile; fileRef = 8169358E2548788E00711E67 /* CreatureSize.swift */; };
		816935942548944700711E67 /* Origin.swift in Sources */ = {isa = PBXBuildFile; fileRef = 816935932548944700711E67 /* Origin.swift */; };
		8169359D2548A09200711E67 /* CreationProgressionView.swift in Sources */ = {isa = PBXBuildFile; fileRef = 8169359C2548A09200711E67 /* CreationProgressionView.swift */; };
		816935A22548A4E400711E67 /* CharacterCreationView.swift in Sources */ = {isa = PBXBuildFile; fileRef = 816935A12548A4E400711E67 /* CharacterCreationView.swift */; };
		816935AF2548BC1A00711E67 /* RaceDetailView.swift in Sources */ = {isa = PBXBuildFile; fileRef = 816935AE2548BC1A00711E67 /* RaceDetailView.swift */; };
		817235112551CBE600C2724C /* LanguageSelectionView.swift in Sources */ = {isa = PBXBuildFile; fileRef = 817235102551CBE600C2724C /* LanguageSelectionView.swift */; };
		8178317620F7F9AE00BF9B03 /* UIColor.swift in Sources */ = {isa = PBXBuildFile; fileRef = 8178317520F7F9AE00BF9B03 /* UIColor.swift */; };
		81851D5F2254721E00260413 /* UITextView.swift in Sources */ = {isa = PBXBuildFile; fileRef = 81851D5E2254721E00260413 /* UITextView.swift */; };
		81851D612254725C00260413 /* UITextField.swift in Sources */ = {isa = PBXBuildFile; fileRef = 81851D602254725C00260413 /* UITextField.swift */; };
		8195037A2256DDAE00EE4469 /* PersonalityDetailView.swift in Sources */ = {isa = PBXBuildFile; fileRef = 819503792256DDAE00EE4469 /* PersonalityDetailView.swift */; };
		8195037E2256DDFB00EE4469 /* PersonalityDetailView.xib in Resources */ = {isa = PBXBuildFile; fileRef = 8195037D2256DDFB00EE4469 /* PersonalityDetailView.xib */; };
		8195AF8C225706BE00153B58 /* ImageSelectionView.swift in Sources */ = {isa = PBXBuildFile; fileRef = 8195AF8B225706BE00153B58 /* ImageSelectionView.swift */; };
		8195AF8E225706D200153B58 /* TextAreaView.swift in Sources */ = {isa = PBXBuildFile; fileRef = 8195AF8D225706D200153B58 /* TextAreaView.swift */; };
		8195AF90225706E000153B58 /* SelectionPickerView.swift in Sources */ = {isa = PBXBuildFile; fileRef = 8195AF8F225706E000153B58 /* SelectionPickerView.swift */; };
		819621E62268F33300A4DD3D /* UIResponder.swift in Sources */ = {isa = PBXBuildFile; fileRef = 819621E52268F33300A4DD3D /* UIResponder.swift */; };
		819B065F20E7455300902D4E /* ModalTableViewController.swift in Sources */ = {isa = PBXBuildFile; fileRef = 819B065E20E7455300902D4E /* ModalTableViewController.swift */; };
		819CF3A92543495400B96779 /* ValueTransformers.swift in Sources */ = {isa = PBXBuildFile; fileRef = 819CF3A82543495400B96779 /* ValueTransformers.swift */; };
		819D371520F9BF4D00986AFB /* SpellSelectionHeaderView.swift in Sources */ = {isa = PBXBuildFile; fileRef = 819D371420F9BF4D00986AFB /* SpellSelectionHeaderView.swift */; };
		81A8D251227D21770015E116 /* Armor.swift in Sources */ = {isa = PBXBuildFile; fileRef = 81A8D250227D21770015E116 /* Armor.swift */; };
		81A8D253227D45280015E116 /* Pack.swift in Sources */ = {isa = PBXBuildFile; fileRef = 81A8D252227D45280015E116 /* Pack.swift */; };
		81ACFDA122C2F62F0014597D /* DamageTests.swift in Sources */ = {isa = PBXBuildFile; fileRef = 81ACFDA022C2F62F0014597D /* DamageTests.swift */; };
		81ACFDAF22C572BB0014597D /* ItemRecords.realm in Resources */ = {isa = PBXBuildFile; fileRef = 81ACFDAE22C572BB0014597D /* ItemRecords.realm */; };
		81B038C822D81A170059AFC1 /* SpellRecords.realm in Resources */ = {isa = PBXBuildFile; fileRef = 81B038C722D81A170059AFC1 /* SpellRecords.realm */; };
		81B038CC22DC0B750059AFC1 /* BackgroundRecords.realm in Resources */ = {isa = PBXBuildFile; fileRef = 81B038CB22DC0B750059AFC1 /* BackgroundRecords.realm */; };
		81B038CE22DD14AF0059AFC1 /* Effect.swift in Sources */ = {isa = PBXBuildFile; fileRef = 81B038CD22DD14AF0059AFC1 /* Effect.swift */; };
		81B038D122DD14E00059AFC1 /* Calculation.swift in Sources */ = {isa = PBXBuildFile; fileRef = 81B038D022DD14E00059AFC1 /* Calculation.swift */; };
		81BBD3782558B3F4006D28C4 /* Main.swift in Sources */ = {isa = PBXBuildFile; fileRef = 81BBD3772558B3F4006D28C4 /* Main.swift */; };
		81BC72A820F0813700B48195 /* SpellTableViewCell.swift in Sources */ = {isa = PBXBuildFile; fileRef = 81BC72A620F0813700B48195 /* SpellTableViewCell.swift */; };
		81BC72A920F0813700B48195 /* SpellTableViewCell.xib in Resources */ = {isa = PBXBuildFile; fileRef = 81BC72A720F0813700B48195 /* SpellTableViewCell.xib */; };
		81BC72AB20F17F2500B48195 /* spells.swift in Sources */ = {isa = PBXBuildFile; fileRef = 81BC72AA20F17F2500B48195 /* spells.swift */; };
		81BC72AD20F185ED00B48195 /* SpellSelectionViewController.swift in Sources */ = {isa = PBXBuildFile; fileRef = 81BC72AC20F185ED00B48195 /* SpellSelectionViewController.swift */; };
		81BC72AF20F186C000B48195 /* Spell.swift in Sources */ = {isa = PBXBuildFile; fileRef = 81BC72AE20F186C000B48195 /* Spell.swift */; };
		81BC72B120F18DB500B48195 /* classes.swift in Sources */ = {isa = PBXBuildFile; fileRef = 81BC72B020F18DB500B48195 /* classes.swift */; };
		81C8B7DB253CD62B0086F6C8 /* RaceSelectionView.swift in Sources */ = {isa = PBXBuildFile; fileRef = 81C8B7DA253CD62B0086F6C8 /* RaceSelectionView.swift */; };
		81C8B7E7253CD74C0086F6C8 /* races.json in Resources */ = {isa = PBXBuildFile; fileRef = 81C8B7E6253CD74C0086F6C8 /* races.json */; };
		81C8B7F5253CFA6B0086F6C8 /* Race+SubraceTests.swift in Sources */ = {isa = PBXBuildFile; fileRef = 81C8B7F4253CFA6B0086F6C8 /* Race+SubraceTests.swift */; };
		81C8B7FE253D0AF60086F6C8 /* languages.json in Resources */ = {isa = PBXBuildFile; fileRef = 81C8B7FD253D0AF60086F6C8 /* languages.json */; };
		81C8B806253D0B120086F6C8 /* LanguageTests.swift in Sources */ = {isa = PBXBuildFile; fileRef = 81C8B805253D0B120086F6C8 /* LanguageTests.swift */; };
		81C8B80E253D10CE0086F6C8 /* Errors.swift in Sources */ = {isa = PBXBuildFile; fileRef = 81C8B80D253D10CE0086F6C8 /* Errors.swift */; };
		81C8B89F253E08450086F6C8 /* Record.swift in Sources */ = {isa = PBXBuildFile; fileRef = 81C8B89E253E08450086F6C8 /* Record.swift */; };
		81C8B8B2253E196F0086F6C8 /* CoreDataStack.swift in Sources */ = {isa = PBXBuildFile; fileRef = 81C8B8B1253E196F0086F6C8 /* CoreDataStack.swift */; };
		81C8B8E2253E211D0086F6C8 /* Records.xcdatamodeld in Sources */ = {isa = PBXBuildFile; fileRef = 81C8B8E0253E211D0086F6C8 /* Records.xcdatamodeld */; };
		81C8B8E7253E21E10086F6C8 /* RecordCoreDataTests.swift in Sources */ = {isa = PBXBuildFile; fileRef = 81C8B8E6253E21E10086F6C8 /* RecordCoreDataTests.swift */; };
		81C8B8EF253E22800086F6C8 /* TestableCoreDataStack.swift in Sources */ = {isa = PBXBuildFile; fileRef = 81C8B8EE253E22800086F6C8 /* TestableCoreDataStack.swift */; };
		81C8B93B253F707D0086F6C8 /* CodingUserInfoKey.swift in Sources */ = {isa = PBXBuildFile; fileRef = 81C8B93A253F707D0086F6C8 /* CodingUserInfoKey.swift */; };
		81C8B940253FD2220086F6C8 /* subraces.json in Resources */ = {isa = PBXBuildFile; fileRef = 81C8B93F253FD2210086F6C8 /* subraces.json */; };
		81C8B945253FE9B90086F6C8 /* AbilityScore.swift in Sources */ = {isa = PBXBuildFile; fileRef = 81C8B944253FE9B90086F6C8 /* AbilityScore.swift */; };
		81C8B950254092270086F6C8 /* ModifierTests.swift in Sources */ = {isa = PBXBuildFile; fileRef = 81C8B94F254092260086F6C8 /* ModifierTests.swift */; };
		81CC0DE3226544C400FDC0AD /* SocialDetailView.swift in Sources */ = {isa = PBXBuildFile; fileRef = 81CC0DE2226544C400FDC0AD /* SocialDetailView.swift */; };
		81CC0DE5226544D400FDC0AD /* SocialDetailView.xib in Resources */ = {isa = PBXBuildFile; fileRef = 81CC0DE4226544D400FDC0AD /* SocialDetailView.xib */; };
		81D599DF22BC935F005EE768 /* RealmProvider.swift in Sources */ = {isa = PBXBuildFile; fileRef = 81D599DE22BC935F005EE768 /* RealmProvider.swift */; };
		81D599EE22BDD85B005EE768 /* LanguageRecords.realm in Resources */ = {isa = PBXBuildFile; fileRef = 81D599ED22BDD85B005EE768 /* LanguageRecords.realm */; };
		81DC8E402107F2F9002F6AE4 /* backgrounds.swift in Sources */ = {isa = PBXBuildFile; fileRef = 81DC8E3F2107F2F9002F6AE4 /* backgrounds.swift */; };
		81DC8E4221080E9E002F6AE4 /* String.swift in Sources */ = {isa = PBXBuildFile; fileRef = 81DC8E4121080E9E002F6AE4 /* String.swift */; };
		81DC8E44210BA599002F6AE4 /* Background.swift in Sources */ = {isa = PBXBuildFile; fileRef = 81DC8E43210BA599002F6AE4 /* Background.swift */; };
		81DC8E46210BB993002F6AE4 /* AbilitySelectionViewController.swift in Sources */ = {isa = PBXBuildFile; fileRef = 81DC8E45210BB993002F6AE4 /* AbilitySelectionViewController.swift */; };
		81DC8E48210BBA64002F6AE4 /* skills.swift in Sources */ = {isa = PBXBuildFile; fileRef = 81DC8E47210BBA64002F6AE4 /* skills.swift */; };
		81DC8E4C210BBF31002F6AE4 /* SkillSelectionCollectionViewCell.swift in Sources */ = {isa = PBXBuildFile; fileRef = 81DC8E4A210BBF31002F6AE4 /* SkillSelectionCollectionViewCell.swift */; };
		81DC8E4D210BBF31002F6AE4 /* SkillSelectionCollectionViewCell.xib in Resources */ = {isa = PBXBuildFile; fileRef = 81DC8E4B210BBF31002F6AE4 /* SkillSelectionCollectionViewCell.xib */; };
		81DC8E4F211252AD002F6AE4 /* ChoiceSelectionView.swift in Sources */ = {isa = PBXBuildFile; fileRef = 81DC8E4E211252AD002F6AE4 /* ChoiceSelectionView.swift */; };
		81DC8E512112548A002F6AE4 /* ChoiceSelectionView.xib in Resources */ = {isa = PBXBuildFile; fileRef = 81DC8E502112548A002F6AE4 /* ChoiceSelectionView.xib */; };
		81DC8E5521125637002F6AE4 /* SelectionView.xib in Resources */ = {isa = PBXBuildFile; fileRef = 81DC8E5421125637002F6AE4 /* SelectionView.xib */; };
		81DC8E57211256EC002F6AE4 /* InventorySelectionViewController.swift in Sources */ = {isa = PBXBuildFile; fileRef = 81DC8E56211256EC002F6AE4 /* InventorySelectionViewController.swift */; };
		81DF302C213C5D6A00C939CE /* Item.swift in Sources */ = {isa = PBXBuildFile; fileRef = 81DF302B213C5D6A00C939CE /* Item.swift */; };
		81DF302E213C5F3200C939CE /* items.swift in Sources */ = {isa = PBXBuildFile; fileRef = 81DF302D213C5F3200C939CE /* items.swift */; };
		81DF3030213D8A4C00C939CE /* FlavorViewController.swift in Sources */ = {isa = PBXBuildFile; fileRef = 81DF302F213D8A4C00C939CE /* FlavorViewController.swift */; };
		81DF3032214310AD00C939CE /* FlavorViews.swift in Sources */ = {isa = PBXBuildFile; fileRef = 81DF3031214310AD00C939CE /* FlavorViews.swift */; };
		81F8496B218A9A6D00280D8C /* ItemSelectionTableViewCell.swift in Sources */ = {isa = PBXBuildFile; fileRef = 81F84969218A9A6D00280D8C /* ItemSelectionTableViewCell.swift */; };
		81F8496C218A9A6D00280D8C /* ItemSelectionTableViewCell.xib in Resources */ = {isa = PBXBuildFile; fileRef = 81F8496A218A9A6D00280D8C /* ItemSelectionTableViewCell.xib */; };
		81F8496E218B7FBD00280D8C /* Damage.swift in Sources */ = {isa = PBXBuildFile; fileRef = 81F8496D218B7FBD00280D8C /* Damage.swift */; };
		81FC7CF1210556F800BBDDD7 /* Array.swift in Sources */ = {isa = PBXBuildFile; fileRef = 81FC7CF0210556F800BBDDD7 /* Array.swift */; };
		81FC7CF52106965E00BBDDD7 /* BackgroundSelectionViewController.swift in Sources */ = {isa = PBXBuildFile; fileRef = 81FC7CF42106965E00BBDDD7 /* BackgroundSelectionViewController.swift */; };
		81FC7CF921078F9100BBDDD7 /* BackgroundSelectionTableViewCell.swift in Sources */ = {isa = PBXBuildFile; fileRef = 81FC7CF821078F9100BBDDD7 /* BackgroundSelectionTableViewCell.swift */; };
		81FC7CFB21078FA800BBDDD7 /* BackgroundSelectionTableViewCell.xib in Resources */ = {isa = PBXBuildFile; fileRef = 81FC7CFA21078FA800BBDDD7 /* BackgroundSelectionTableViewCell.xib */; };
		9471930892DFA0E9369B5460 /* libPods-CharacterCreatorUITests.a in Frameworks */ = {isa = PBXBuildFile; fileRef = 621D62B0BA9DFB37D9CF7AD1 /* libPods-CharacterCreatorUITests.a */; };
		DBEEADE1A5A4FBF5017D6677 /* libPods-CharacterCreator.a in Frameworks */ = {isa = PBXBuildFile; fileRef = 3E4BCF7797E542B608D4C086 /* libPods-CharacterCreator.a */; };
		F14612289966620E42DACFE5 /* libPods-CharacterCreatorTests.a in Frameworks */ = {isa = PBXBuildFile; fileRef = CB5F093F49FBCC682213FFFF /* libPods-CharacterCreatorTests.a */; };
/* End PBXBuildFile section */

/* Begin PBXContainerItemProxy section */
		8123672520CA44DD00F7AEFC /* PBXContainerItemProxy */ = {
			isa = PBXContainerItemProxy;
			containerPortal = 8123670520CA44DA00F7AEFC /* Project object */;
			proxyType = 1;
			remoteGlobalIDString = 8123670C20CA44DA00F7AEFC;
			remoteInfo = CharacterCreator;
		};
		8123673020CA44DD00F7AEFC /* PBXContainerItemProxy */ = {
			isa = PBXContainerItemProxy;
			containerPortal = 8123670520CA44DA00F7AEFC /* Project object */;
			proxyType = 1;
			remoteGlobalIDString = 8123670C20CA44DA00F7AEFC;
			remoteInfo = CharacterCreator;
		};
/* End PBXContainerItemProxy section */

/* Begin PBXFileReference section */
		007963E6627C41295E01FA38 /* Pods-CharacterCreatorUITests.debug.xcconfig */ = {isa = PBXFileReference; includeInIndex = 1; lastKnownFileType = text.xcconfig; name = "Pods-CharacterCreatorUITests.debug.xcconfig"; path = "Pods/Target Support Files/Pods-CharacterCreatorUITests/Pods-CharacterCreatorUITests.debug.xcconfig"; sourceTree = "<group>"; };
		36B00BB9E155699B25486A18 /* Pods_CharacterCreator.framework */ = {isa = PBXFileReference; explicitFileType = wrapper.framework; includeInIndex = 0; path = Pods_CharacterCreator.framework; sourceTree = BUILT_PRODUCTS_DIR; };
		3E4BCF7797E542B608D4C086 /* libPods-CharacterCreator.a */ = {isa = PBXFileReference; explicitFileType = archive.ar; includeInIndex = 0; path = "libPods-CharacterCreator.a"; sourceTree = BUILT_PRODUCTS_DIR; };
		415DEC37BB35A776F2A04D97 /* Pods-CharacterCreatorUITests.release.xcconfig */ = {isa = PBXFileReference; includeInIndex = 1; lastKnownFileType = text.xcconfig; name = "Pods-CharacterCreatorUITests.release.xcconfig"; path = "Pods/Target Support Files/Pods-CharacterCreatorUITests/Pods-CharacterCreatorUITests.release.xcconfig"; sourceTree = "<group>"; };
		4BC4CEFA3FE758D3DE242E04 /* Pods-CharacterCreator.release.xcconfig */ = {isa = PBXFileReference; includeInIndex = 1; lastKnownFileType = text.xcconfig; name = "Pods-CharacterCreator.release.xcconfig"; path = "Pods/Target Support Files/Pods-CharacterCreator/Pods-CharacterCreator.release.xcconfig"; sourceTree = "<group>"; };
		621D62B0BA9DFB37D9CF7AD1 /* libPods-CharacterCreatorUITests.a */ = {isa = PBXFileReference; explicitFileType = archive.ar; includeInIndex = 0; path = "libPods-CharacterCreatorUITests.a"; sourceTree = BUILT_PRODUCTS_DIR; };
		7B8B1F22B17F9F2E99331D0B /* Pods-CharacterCreatorTests.debug.xcconfig */ = {isa = PBXFileReference; includeInIndex = 1; lastKnownFileType = text.xcconfig; name = "Pods-CharacterCreatorTests.debug.xcconfig"; path = "Pods/Target Support Files/Pods-CharacterCreatorTests/Pods-CharacterCreatorTests.debug.xcconfig"; sourceTree = "<group>"; };
		810900B0224EE3EF00FF8B17 /* BasicDetailView.swift */ = {isa = PBXFileReference; lastKnownFileType = sourcecode.swift; path = BasicDetailView.swift; sourceTree = "<group>"; };
		810900B2224EE40100FF8B17 /* BasicDetailView.xib */ = {isa = PBXFileReference; lastKnownFileType = file.xib; path = BasicDetailView.xib; sourceTree = "<group>"; };
		8112FA6F21A7D03600EB61B8 /* WeaponSelectionTableViewController.swift */ = {isa = PBXFileReference; lastKnownFileType = sourcecode.swift; path = WeaponSelectionTableViewController.swift; sourceTree = "<group>"; };
		8112FA7321ACC37D00EB61B8 /* TextFieldView.swift */ = {isa = PBXFileReference; lastKnownFileType = sourcecode.swift; path = TextFieldView.swift; sourceTree = "<group>"; };
		81179D902575E9A1008044A3 /* Font.swift */ = {isa = PBXFileReference; lastKnownFileType = sourcecode.swift; path = Font.swift; sourceTree = "<group>"; };
		8123670D20CA44DA00F7AEFC /* CharacterCreator.app */ = {isa = PBXFileReference; explicitFileType = wrapper.application; includeInIndex = 0; path = CharacterCreator.app; sourceTree = BUILT_PRODUCTS_DIR; };
		8123671520CA44DA00F7AEFC /* Base */ = {isa = PBXFileReference; lastKnownFileType = file.storyboard; name = Base; path = Base.lproj/Main.storyboard; sourceTree = "<group>"; };
		8123671A20CA44DD00F7AEFC /* Assets.xcassets */ = {isa = PBXFileReference; lastKnownFileType = folder.assetcatalog; path = Assets.xcassets; sourceTree = "<group>"; };
		8123671D20CA44DD00F7AEFC /* Base */ = {isa = PBXFileReference; lastKnownFileType = file.storyboard; name = Base; path = Base.lproj/LaunchScreen.storyboard; sourceTree = "<group>"; };
		8123671F20CA44DD00F7AEFC /* Info.plist */ = {isa = PBXFileReference; lastKnownFileType = text.plist.xml; path = Info.plist; sourceTree = "<group>"; };
		8123672420CA44DD00F7AEFC /* CharacterCreatorTests.xctest */ = {isa = PBXFileReference; explicitFileType = wrapper.cfbundle; includeInIndex = 0; path = CharacterCreatorTests.xctest; sourceTree = BUILT_PRODUCTS_DIR; };
		8123672A20CA44DD00F7AEFC /* Info.plist */ = {isa = PBXFileReference; lastKnownFileType = text.plist.xml; path = Info.plist; sourceTree = "<group>"; };
		8123672F20CA44DD00F7AEFC /* CharacterCreatorUITests.xctest */ = {isa = PBXFileReference; explicitFileType = wrapper.cfbundle; includeInIndex = 0; path = CharacterCreatorUITests.xctest; sourceTree = BUILT_PRODUCTS_DIR; };
		8123673320CA44DD00F7AEFC /* CharacterCreatorUITests.swift */ = {isa = PBXFileReference; lastKnownFileType = sourcecode.swift; path = CharacterCreatorUITests.swift; sourceTree = "<group>"; };
		8123673520CA44DD00F7AEFC /* Info.plist */ = {isa = PBXFileReference; lastKnownFileType = text.plist.xml; path = Info.plist; sourceTree = "<group>"; };
		81243E542279EFE0003A9DA8 /* WeaponStatView.swift */ = {isa = PBXFileReference; lastKnownFileType = sourcecode.swift; path = WeaponStatView.swift; sourceTree = "<group>"; };
		81243E562279F022003A9DA8 /* WeaponStatView.xib */ = {isa = PBXFileReference; lastKnownFileType = file.xib; path = WeaponStatView.xib; sourceTree = "<group>"; };
		81243E58227A3562003A9DA8 /* Weapon.swift */ = {isa = PBXFileReference; lastKnownFileType = sourcecode.swift; path = Weapon.swift; sourceTree = "<group>"; };
		8124F53D258B3B51004514A8 /* FeatureSelectionViews.swift */ = {isa = PBXFileReference; lastKnownFileType = sourcecode.swift; path = FeatureSelectionViews.swift; sourceTree = "<group>"; };
		8124F54F258C2FC1004514A8 /* Selectable.swift */ = {isa = PBXFileReference; lastKnownFileType = sourcecode.swift; path = Selectable.swift; sourceTree = "<group>"; };
		8124F557258C3A5B004514A8 /* FeatureTests.swift */ = {isa = PBXFileReference; lastKnownFileType = sourcecode.swift; path = FeatureTests.swift; sourceTree = "<group>"; };
		8135B41A21649F170058E9D6 /* SpellSelectionHeaderView.xib */ = {isa = PBXFileReference; fileEncoding = 4; lastKnownFileType = file.xib; path = SpellSelectionHeaderView.xib; sourceTree = "<group>"; };
		8135B43E2169B2030058E9D6 /* SpellDetailView.swift */ = {isa = PBXFileReference; lastKnownFileType = sourcecode.swift; path = SpellDetailView.swift; sourceTree = "<group>"; };
		8135B4402169B22C0058E9D6 /* SpellDetailView.xib */ = {isa = PBXFileReference; lastKnownFileType = file.xib; path = SpellDetailView.xib; sourceTree = "<group>"; };
		8137350B25533D5D004DDBA8 /* Print.swift */ = {isa = PBXFileReference; lastKnownFileType = sourcecode.swift; path = Print.swift; sourceTree = "<group>"; };
		81529E252152E49D00AD1A1A /* ReviewTableViewCells.swift */ = {isa = PBXFileReference; lastKnownFileType = sourcecode.swift; path = ReviewTableViewCells.swift; sourceTree = "<group>"; };
		8152B3C020D9D320008B7A1A /* Modifier.swift */ = {isa = PBXFileReference; lastKnownFileType = sourcecode.swift; path = Modifier.swift; sourceTree = "<group>"; };
		8152B3C220D9D32F008B7A1A /* Character.swift */ = {isa = PBXFileReference; lastKnownFileType = sourcecode.swift; path = Character.swift; sourceTree = "<group>"; };
		8152B3C420D9D337008B7A1A /* Class.swift */ = {isa = PBXFileReference; lastKnownFileType = sourcecode.swift; path = Class.swift; sourceTree = "<group>"; };
		8152B3C620D9D340008B7A1A /* Race.swift */ = {isa = PBXFileReference; lastKnownFileType = sourcecode.swift; path = Race.swift; sourceTree = "<group>"; };
		8152B3CC20D9E01A008B7A1A /* StatDistributionViewController.swift */ = {isa = PBXFileReference; lastKnownFileType = sourcecode.swift; path = StatDistributionViewController.swift; sourceTree = "<group>"; };
		8152B3D020D9E097008B7A1A /* DropdownViewController.swift */ = {isa = PBXFileReference; lastKnownFileType = sourcecode.swift; path = DropdownViewController.swift; sourceTree = "<group>"; };
		8152B3D220D9E0B5008B7A1A /* ReviewViewController.swift */ = {isa = PBXFileReference; lastKnownFileType = sourcecode.swift; path = ReviewViewController.swift; sourceTree = "<group>"; };
		8152B3DE20DAE9EE008B7A1A /* StatStepperView.swift */ = {isa = PBXFileReference; lastKnownFileType = sourcecode.swift; path = StatStepperView.swift; sourceTree = "<group>"; };
		8152B3E020DAE9FB008B7A1A /* StatStepperView.xib */ = {isa = PBXFileReference; lastKnownFileType = file.xib; path = StatStepperView.xib; sourceTree = "<group>"; };
		8152B3E620DC124D008B7A1A /* UIView.swift */ = {isa = PBXFileReference; lastKnownFileType = sourcecode.swift; path = UIView.swift; sourceTree = "<group>"; };
		8152B3EA20DC3B48008B7A1A /* races.swift */ = {isa = PBXFileReference; lastKnownFileType = sourcecode.swift; path = races.swift; sourceTree = "<group>"; };
		8152B41020DEDA8D008B7A1A /* Int.swift */ = {isa = PBXFileReference; lastKnownFileType = sourcecode.swift; path = Int.swift; sourceTree = "<group>"; };
		8152B41220DEE659008B7A1A /* DropdownTableViewCell.swift */ = {isa = PBXFileReference; lastKnownFileType = sourcecode.swift; path = DropdownTableViewCell.swift; sourceTree = "<group>"; };
		8152B41320DEE659008B7A1A /* DropdownTableViewCell.xib */ = {isa = PBXFileReference; lastKnownFileType = file.xib; path = DropdownTableViewCell.xib; sourceTree = "<group>"; };
		81541A2E2273CD86002C7B72 /* LanguageLabelCollectionViewCell.swift */ = {isa = PBXFileReference; lastKnownFileType = sourcecode.swift; path = LanguageLabelCollectionViewCell.swift; sourceTree = "<group>"; };
		81541A2F2273CD86002C7B72 /* RemoveableLanguageLabelCollectionViewCell.xib */ = {isa = PBXFileReference; lastKnownFileType = file.xib; path = RemoveableLanguageLabelCollectionViewCell.xib; sourceTree = "<group>"; };
		81541A3222742051002C7B72 /* LanguageSelectionTableViewController.swift */ = {isa = PBXFileReference; lastKnownFileType = sourcecode.swift; path = LanguageSelectionTableViewController.swift; sourceTree = "<group>"; };
		81541A34227420C2002C7B72 /* Language.swift */ = {isa = PBXFileReference; lastKnownFileType = sourcecode.swift; path = Language.swift; sourceTree = "<group>"; };
		81541A3D2276A29B002C7B72 /* StaticLanguageLabelCollectionViewCell.xib */ = {isa = PBXFileReference; lastKnownFileType = file.xib; path = StaticLanguageLabelCollectionViewCell.xib; sourceTree = "<group>"; };
		81588401254CF88900693259 /* Color.swift */ = {isa = PBXFileReference; lastKnownFileType = sourcecode.swift; path = Color.swift; sourceTree = "<group>"; };
		816935892548787400711E67 /* Feature.swift */ = {isa = PBXFileReference; lastKnownFileType = sourcecode.swift; name = Feature.swift; path = CharacterCreator/Models/Feature.swift; sourceTree = SOURCE_ROOT; };
		8169358E2548788E00711E67 /* CreatureSize.swift */ = {isa = PBXFileReference; lastKnownFileType = sourcecode.swift; path = CreatureSize.swift; sourceTree = "<group>"; };
		816935932548944700711E67 /* Origin.swift */ = {isa = PBXFileReference; lastKnownFileType = sourcecode.swift; path = Origin.swift; sourceTree = "<group>"; };
		8169359C2548A09200711E67 /* CreationProgressionView.swift */ = {isa = PBXFileReference; lastKnownFileType = sourcecode.swift; path = CreationProgressionView.swift; sourceTree = "<group>"; };
		816935A12548A4E400711E67 /* CharacterCreationView.swift */ = {isa = PBXFileReference; lastKnownFileType = sourcecode.swift; path = CharacterCreationView.swift; sourceTree = "<group>"; };
		816935AE2548BC1A00711E67 /* RaceDetailView.swift */ = {isa = PBXFileReference; lastKnownFileType = sourcecode.swift; path = RaceDetailView.swift; sourceTree = "<group>"; };
		817235102551CBE600C2724C /* LanguageSelectionView.swift */ = {isa = PBXFileReference; lastKnownFileType = sourcecode.swift; path = LanguageSelectionView.swift; sourceTree = "<group>"; };
		8178317520F7F9AE00BF9B03 /* UIColor.swift */ = {isa = PBXFileReference; lastKnownFileType = sourcecode.swift; path = UIColor.swift; sourceTree = "<group>"; };
		81851D5E2254721E00260413 /* UITextView.swift */ = {isa = PBXFileReference; lastKnownFileType = sourcecode.swift; path = UITextView.swift; sourceTree = "<group>"; };
		81851D602254725C00260413 /* UITextField.swift */ = {isa = PBXFileReference; lastKnownFileType = sourcecode.swift; path = UITextField.swift; sourceTree = "<group>"; };
		819503792256DDAE00EE4469 /* PersonalityDetailView.swift */ = {isa = PBXFileReference; lastKnownFileType = sourcecode.swift; path = PersonalityDetailView.swift; sourceTree = "<group>"; };
		8195037D2256DDFB00EE4469 /* PersonalityDetailView.xib */ = {isa = PBXFileReference; lastKnownFileType = file.xib; path = PersonalityDetailView.xib; sourceTree = "<group>"; };
		8195AF8B225706BE00153B58 /* ImageSelectionView.swift */ = {isa = PBXFileReference; lastKnownFileType = sourcecode.swift; path = ImageSelectionView.swift; sourceTree = "<group>"; };
		8195AF8D225706D200153B58 /* TextAreaView.swift */ = {isa = PBXFileReference; lastKnownFileType = sourcecode.swift; path = TextAreaView.swift; sourceTree = "<group>"; };
		8195AF8F225706E000153B58 /* SelectionPickerView.swift */ = {isa = PBXFileReference; lastKnownFileType = sourcecode.swift; path = SelectionPickerView.swift; sourceTree = "<group>"; };
		819621E52268F33300A4DD3D /* UIResponder.swift */ = {isa = PBXFileReference; lastKnownFileType = sourcecode.swift; path = UIResponder.swift; sourceTree = "<group>"; };
		819B065E20E7455300902D4E /* ModalTableViewController.swift */ = {isa = PBXFileReference; lastKnownFileType = sourcecode.swift; path = ModalTableViewController.swift; sourceTree = "<group>"; };
		819CF3A82543495400B96779 /* ValueTransformers.swift */ = {isa = PBXFileReference; lastKnownFileType = sourcecode.swift; path = ValueTransformers.swift; sourceTree = "<group>"; };
		819D371420F9BF4D00986AFB /* SpellSelectionHeaderView.swift */ = {isa = PBXFileReference; lastKnownFileType = sourcecode.swift; path = SpellSelectionHeaderView.swift; sourceTree = "<group>"; };
		819D371820FACE6300986AFB /* CharacterCreator-Bridging-Header.h */ = {isa = PBXFileReference; lastKnownFileType = sourcecode.c.h; path = "CharacterCreator-Bridging-Header.h"; sourceTree = "<group>"; };
		81A8D250227D21770015E116 /* Armor.swift */ = {isa = PBXFileReference; lastKnownFileType = sourcecode.swift; path = Armor.swift; sourceTree = "<group>"; };
		81A8D252227D45280015E116 /* Pack.swift */ = {isa = PBXFileReference; lastKnownFileType = sourcecode.swift; path = Pack.swift; sourceTree = "<group>"; };
		81ACFDA022C2F62F0014597D /* DamageTests.swift */ = {isa = PBXFileReference; lastKnownFileType = sourcecode.swift; path = DamageTests.swift; sourceTree = "<group>"; };
		81ACFDAE22C572BB0014597D /* ItemRecords.realm */ = {isa = PBXFileReference; lastKnownFileType = file; path = ItemRecords.realm; sourceTree = "<group>"; };
		81B038C722D81A170059AFC1 /* SpellRecords.realm */ = {isa = PBXFileReference; lastKnownFileType = file; path = SpellRecords.realm; sourceTree = "<group>"; };
		81B038CB22DC0B750059AFC1 /* BackgroundRecords.realm */ = {isa = PBXFileReference; lastKnownFileType = file; path = BackgroundRecords.realm; sourceTree = "<group>"; };
		81B038CD22DD14AF0059AFC1 /* Effect.swift */ = {isa = PBXFileReference; lastKnownFileType = sourcecode.swift; path = Effect.swift; sourceTree = "<group>"; };
		81B038D022DD14E00059AFC1 /* Calculation.swift */ = {isa = PBXFileReference; lastKnownFileType = sourcecode.swift; path = Calculation.swift; sourceTree = "<group>"; };
		81BBD3772558B3F4006D28C4 /* Main.swift */ = {isa = PBXFileReference; lastKnownFileType = sourcecode.swift; path = Main.swift; sourceTree = "<group>"; };
		81BC72A620F0813700B48195 /* SpellTableViewCell.swift */ = {isa = PBXFileReference; lastKnownFileType = sourcecode.swift; path = SpellTableViewCell.swift; sourceTree = "<group>"; };
		81BC72A720F0813700B48195 /* SpellTableViewCell.xib */ = {isa = PBXFileReference; lastKnownFileType = file.xib; path = SpellTableViewCell.xib; sourceTree = "<group>"; };
		81BC72AA20F17F2500B48195 /* spells.swift */ = {isa = PBXFileReference; lastKnownFileType = sourcecode.swift; path = spells.swift; sourceTree = "<group>"; };
		81BC72AC20F185ED00B48195 /* SpellSelectionViewController.swift */ = {isa = PBXFileReference; lastKnownFileType = sourcecode.swift; path = SpellSelectionViewController.swift; sourceTree = "<group>"; };
		81BC72AE20F186C000B48195 /* Spell.swift */ = {isa = PBXFileReference; lastKnownFileType = sourcecode.swift; path = Spell.swift; sourceTree = "<group>"; };
		81BC72B020F18DB500B48195 /* classes.swift */ = {isa = PBXFileReference; lastKnownFileType = sourcecode.swift; path = classes.swift; sourceTree = "<group>"; };
		81C8B7DA253CD62B0086F6C8 /* RaceSelectionView.swift */ = {isa = PBXFileReference; lastKnownFileType = sourcecode.swift; path = RaceSelectionView.swift; sourceTree = "<group>"; };
		81C8B7E6253CD74C0086F6C8 /* races.json */ = {isa = PBXFileReference; lastKnownFileType = text.json; path = races.json; sourceTree = "<group>"; };
		81C8B7F4253CFA6B0086F6C8 /* Race+SubraceTests.swift */ = {isa = PBXFileReference; lastKnownFileType = sourcecode.swift; path = "Race+SubraceTests.swift"; sourceTree = "<group>"; };
		81C8B7FD253D0AF60086F6C8 /* languages.json */ = {isa = PBXFileReference; lastKnownFileType = text.json; path = languages.json; sourceTree = "<group>"; };
		81C8B805253D0B120086F6C8 /* LanguageTests.swift */ = {isa = PBXFileReference; lastKnownFileType = sourcecode.swift; path = LanguageTests.swift; sourceTree = "<group>"; };
		81C8B80D253D10CE0086F6C8 /* Errors.swift */ = {isa = PBXFileReference; lastKnownFileType = sourcecode.swift; path = Errors.swift; sourceTree = "<group>"; };
		81C8B89E253E08450086F6C8 /* Record.swift */ = {isa = PBXFileReference; lastKnownFileType = sourcecode.swift; path = Record.swift; sourceTree = "<group>"; };
		81C8B8B1253E196F0086F6C8 /* CoreDataStack.swift */ = {isa = PBXFileReference; lastKnownFileType = sourcecode.swift; path = CoreDataStack.swift; sourceTree = "<group>"; };
		81C8B8E1253E211D0086F6C8 /* Records.xcdatamodel */ = {isa = PBXFileReference; lastKnownFileType = wrapper.xcdatamodel; path = Records.xcdatamodel; sourceTree = "<group>"; };
		81C8B8E6253E21E10086F6C8 /* RecordCoreDataTests.swift */ = {isa = PBXFileReference; lastKnownFileType = sourcecode.swift; path = RecordCoreDataTests.swift; sourceTree = "<group>"; };
		81C8B8EE253E22800086F6C8 /* TestableCoreDataStack.swift */ = {isa = PBXFileReference; lastKnownFileType = sourcecode.swift; path = TestableCoreDataStack.swift; sourceTree = "<group>"; };
		81C8B93A253F707D0086F6C8 /* CodingUserInfoKey.swift */ = {isa = PBXFileReference; lastKnownFileType = sourcecode.swift; path = CodingUserInfoKey.swift; sourceTree = "<group>"; };
		81C8B93F253FD2210086F6C8 /* subraces.json */ = {isa = PBXFileReference; lastKnownFileType = text.json; path = subraces.json; sourceTree = "<group>"; };
		81C8B944253FE9B90086F6C8 /* AbilityScore.swift */ = {isa = PBXFileReference; lastKnownFileType = sourcecode.swift; path = AbilityScore.swift; sourceTree = "<group>"; };
		81C8B94F254092260086F6C8 /* ModifierTests.swift */ = {isa = PBXFileReference; lastKnownFileType = sourcecode.swift; path = ModifierTests.swift; sourceTree = "<group>"; };
		81CC0DE2226544C400FDC0AD /* SocialDetailView.swift */ = {isa = PBXFileReference; lastKnownFileType = sourcecode.swift; path = SocialDetailView.swift; sourceTree = "<group>"; };
		81CC0DE4226544D400FDC0AD /* SocialDetailView.xib */ = {isa = PBXFileReference; lastKnownFileType = file.xib; path = SocialDetailView.xib; sourceTree = "<group>"; };
		81D599DE22BC935F005EE768 /* RealmProvider.swift */ = {isa = PBXFileReference; lastKnownFileType = sourcecode.swift; path = RealmProvider.swift; sourceTree = "<group>"; };
		81D599ED22BDD85B005EE768 /* LanguageRecords.realm */ = {isa = PBXFileReference; lastKnownFileType = file; path = LanguageRecords.realm; sourceTree = "<group>"; };
		81DC8E3F2107F2F9002F6AE4 /* backgrounds.swift */ = {isa = PBXFileReference; lastKnownFileType = sourcecode.swift; path = backgrounds.swift; sourceTree = "<group>"; };
		81DC8E4121080E9E002F6AE4 /* String.swift */ = {isa = PBXFileReference; lastKnownFileType = sourcecode.swift; path = String.swift; sourceTree = "<group>"; };
		81DC8E43210BA599002F6AE4 /* Background.swift */ = {isa = PBXFileReference; lastKnownFileType = sourcecode.swift; path = Background.swift; sourceTree = "<group>"; };
		81DC8E45210BB993002F6AE4 /* AbilitySelectionViewController.swift */ = {isa = PBXFileReference; lastKnownFileType = sourcecode.swift; path = AbilitySelectionViewController.swift; sourceTree = "<group>"; };
		81DC8E47210BBA64002F6AE4 /* skills.swift */ = {isa = PBXFileReference; lastKnownFileType = sourcecode.swift; path = skills.swift; sourceTree = "<group>"; };
		81DC8E4A210BBF31002F6AE4 /* SkillSelectionCollectionViewCell.swift */ = {isa = PBXFileReference; lastKnownFileType = sourcecode.swift; path = SkillSelectionCollectionViewCell.swift; sourceTree = "<group>"; };
		81DC8E4B210BBF31002F6AE4 /* SkillSelectionCollectionViewCell.xib */ = {isa = PBXFileReference; lastKnownFileType = file.xib; path = SkillSelectionCollectionViewCell.xib; sourceTree = "<group>"; };
		81DC8E4E211252AD002F6AE4 /* ChoiceSelectionView.swift */ = {isa = PBXFileReference; lastKnownFileType = sourcecode.swift; path = ChoiceSelectionView.swift; sourceTree = "<group>"; };
		81DC8E502112548A002F6AE4 /* ChoiceSelectionView.xib */ = {isa = PBXFileReference; lastKnownFileType = file.xib; path = ChoiceSelectionView.xib; sourceTree = "<group>"; };
		81DC8E5421125637002F6AE4 /* SelectionView.xib */ = {isa = PBXFileReference; lastKnownFileType = file.xib; path = SelectionView.xib; sourceTree = "<group>"; };
		81DC8E56211256EC002F6AE4 /* InventorySelectionViewController.swift */ = {isa = PBXFileReference; lastKnownFileType = sourcecode.swift; path = InventorySelectionViewController.swift; sourceTree = "<group>"; };
		81DF302B213C5D6A00C939CE /* Item.swift */ = {isa = PBXFileReference; lastKnownFileType = sourcecode.swift; path = Item.swift; sourceTree = "<group>"; };
		81DF302D213C5F3200C939CE /* items.swift */ = {isa = PBXFileReference; fileEncoding = 4; lastKnownFileType = sourcecode.swift; path = items.swift; sourceTree = "<group>"; };
		81DF302F213D8A4C00C939CE /* FlavorViewController.swift */ = {isa = PBXFileReference; lastKnownFileType = sourcecode.swift; path = FlavorViewController.swift; sourceTree = "<group>"; };
		81DF3031214310AD00C939CE /* FlavorViews.swift */ = {isa = PBXFileReference; lastKnownFileType = sourcecode.swift; path = FlavorViews.swift; sourceTree = "<group>"; };
		81F84969218A9A6D00280D8C /* ItemSelectionTableViewCell.swift */ = {isa = PBXFileReference; lastKnownFileType = sourcecode.swift; path = ItemSelectionTableViewCell.swift; sourceTree = "<group>"; };
		81F8496A218A9A6D00280D8C /* ItemSelectionTableViewCell.xib */ = {isa = PBXFileReference; lastKnownFileType = file.xib; path = ItemSelectionTableViewCell.xib; sourceTree = "<group>"; };
		81F8496D218B7FBD00280D8C /* Damage.swift */ = {isa = PBXFileReference; lastKnownFileType = sourcecode.swift; path = Damage.swift; sourceTree = "<group>"; };
		81FC7CF0210556F800BBDDD7 /* Array.swift */ = {isa = PBXFileReference; lastKnownFileType = sourcecode.swift; path = Array.swift; sourceTree = "<group>"; };
		81FC7CF42106965E00BBDDD7 /* BackgroundSelectionViewController.swift */ = {isa = PBXFileReference; lastKnownFileType = sourcecode.swift; path = BackgroundSelectionViewController.swift; sourceTree = "<group>"; };
		81FC7CF821078F9100BBDDD7 /* BackgroundSelectionTableViewCell.swift */ = {isa = PBXFileReference; lastKnownFileType = sourcecode.swift; path = BackgroundSelectionTableViewCell.swift; sourceTree = "<group>"; };
		81FC7CFA21078FA800BBDDD7 /* BackgroundSelectionTableViewCell.xib */ = {isa = PBXFileReference; lastKnownFileType = file.xib; path = BackgroundSelectionTableViewCell.xib; sourceTree = "<group>"; };
		83618B6881998D87BABA9F69 /* Pods-CharacterCreatorTests.release.xcconfig */ = {isa = PBXFileReference; includeInIndex = 1; lastKnownFileType = text.xcconfig; name = "Pods-CharacterCreatorTests.release.xcconfig"; path = "Pods/Target Support Files/Pods-CharacterCreatorTests/Pods-CharacterCreatorTests.release.xcconfig"; sourceTree = "<group>"; };
		9F4B5632BB96D2AF90E107BC /* Pods-CharacterCreator.debug.xcconfig */ = {isa = PBXFileReference; includeInIndex = 1; lastKnownFileType = text.xcconfig; name = "Pods-CharacterCreator.debug.xcconfig"; path = "Pods/Target Support Files/Pods-CharacterCreator/Pods-CharacterCreator.debug.xcconfig"; sourceTree = "<group>"; };
		CB5F093F49FBCC682213FFFF /* libPods-CharacterCreatorTests.a */ = {isa = PBXFileReference; explicitFileType = archive.ar; includeInIndex = 0; path = "libPods-CharacterCreatorTests.a"; sourceTree = BUILT_PRODUCTS_DIR; };
/* End PBXFileReference section */

/* Begin PBXFrameworksBuildPhase section */
		8123670A20CA44DA00F7AEFC /* Frameworks */ = {
			isa = PBXFrameworksBuildPhase;
			buildActionMask = 2147483647;
			files = (
				DBEEADE1A5A4FBF5017D6677 /* libPods-CharacterCreator.a in Frameworks */,
			);
			runOnlyForDeploymentPostprocessing = 0;
		};
		8123672120CA44DD00F7AEFC /* Frameworks */ = {
			isa = PBXFrameworksBuildPhase;
			buildActionMask = 2147483647;
			files = (
				F14612289966620E42DACFE5 /* libPods-CharacterCreatorTests.a in Frameworks */,
			);
			runOnlyForDeploymentPostprocessing = 0;
		};
		8123672C20CA44DD00F7AEFC /* Frameworks */ = {
			isa = PBXFrameworksBuildPhase;
			buildActionMask = 2147483647;
			files = (
				9471930892DFA0E9369B5460 /* libPods-CharacterCreatorUITests.a in Frameworks */,
			);
			runOnlyForDeploymentPostprocessing = 0;
		};
/* End PBXFrameworksBuildPhase section */

/* Begin PBXGroup section */
		025FEA17FCFE62592420AF36 /* Pods */ = {
			isa = PBXGroup;
			children = (
				9F4B5632BB96D2AF90E107BC /* Pods-CharacterCreator.debug.xcconfig */,
				4BC4CEFA3FE758D3DE242E04 /* Pods-CharacterCreator.release.xcconfig */,
				7B8B1F22B17F9F2E99331D0B /* Pods-CharacterCreatorTests.debug.xcconfig */,
				83618B6881998D87BABA9F69 /* Pods-CharacterCreatorTests.release.xcconfig */,
				007963E6627C41295E01FA38 /* Pods-CharacterCreatorUITests.debug.xcconfig */,
				415DEC37BB35A776F2A04D97 /* Pods-CharacterCreatorUITests.release.xcconfig */,
			);
			name = Pods;
			sourceTree = "<group>";
		};
		8112FA7121ACC01800EB61B8 /* Creation Path Controllers */ = {
			isa = PBXGroup;
			children = (
				8152B3D020D9E097008B7A1A /* DropdownViewController.swift */,
				8152B3CC20D9E01A008B7A1A /* StatDistributionViewController.swift */,
				81FC7CF42106965E00BBDDD7 /* BackgroundSelectionViewController.swift */,
				81DC8E45210BB993002F6AE4 /* AbilitySelectionViewController.swift */,
				81DC8E56211256EC002F6AE4 /* InventorySelectionViewController.swift */,
				81DF302F213D8A4C00C939CE /* FlavorViewController.swift */,
				8152B3D220D9E0B5008B7A1A /* ReviewViewController.swift */,
			);
			path = "Creation Path Controllers";
			sourceTree = "<group>";
		};
		8112FA7221ACC04600EB61B8 /* Supporting Controllers */ = {
			isa = PBXGroup;
			children = (
				819B065E20E7455300902D4E /* ModalTableViewController.swift */,
				81BC72AC20F185ED00B48195 /* SpellSelectionViewController.swift */,
				8112FA6F21A7D03600EB61B8 /* WeaponSelectionTableViewController.swift */,
				81541A3222742051002C7B72 /* LanguageSelectionTableViewController.swift */,
			);
			path = "Supporting Controllers";
			sourceTree = "<group>";
		};
		8123670420CA44DA00F7AEFC = {
			isa = PBXGroup;
			children = (
				8123670F20CA44DA00F7AEFC /* CharacterCreator */,
				8123672720CA44DD00F7AEFC /* CharacterCreatorTests */,
				8123673220CA44DD00F7AEFC /* CharacterCreatorUITests */,
				8123670E20CA44DA00F7AEFC /* Products */,
				025FEA17FCFE62592420AF36 /* Pods */,
				F507586D6438197C47D19E29 /* Frameworks */,
				818592102462133B001001A0 /* Recovered References */,
			);
			sourceTree = "<group>";
		};
		8123670E20CA44DA00F7AEFC /* Products */ = {
			isa = PBXGroup;
			children = (
				8123670D20CA44DA00F7AEFC /* CharacterCreator.app */,
				8123672420CA44DD00F7AEFC /* CharacterCreatorTests.xctest */,
				8123672F20CA44DD00F7AEFC /* CharacterCreatorUITests.xctest */,
			);
			name = Products;
			sourceTree = "<group>";
		};
		8123670F20CA44DA00F7AEFC /* CharacterCreator */ = {
			isa = PBXGroup;
			children = (
				81C8B7DF253CD62F0086F6C8 /* SwiftUI */,
				8152B3CB20D9E004008B7A1A /* View Controllers */,
				8152B3D920D9FD65008B7A1A /* Views */,
				8152B3BF20D9D2F5008B7A1A /* Models */,
				8124F548258C2FAD004514A8 /* Protocols */,
				8152B3D820D9F891008B7A1A /* Extensions */,
				8178317420F7F99800BF9B03 /* Design */,
				8123674120CA44EE00F7AEFC /* Data */,
				81C8B80D253D10CE0086F6C8 /* Errors.swift */,
				8123671420CA44DA00F7AEFC /* Main.storyboard */,
				8123671C20CA44DD00F7AEFC /* LaunchScreen.storyboard */,
				8123671F20CA44DD00F7AEFC /* Info.plist */,
				819D371820FACE6300986AFB /* CharacterCreator-Bridging-Header.h */,
			);
			path = CharacterCreator;
			sourceTree = "<group>";
		};
		8123672720CA44DD00F7AEFC /* CharacterCreatorTests */ = {
			isa = PBXGroup;
			children = (
				81C8B7F4253CFA6B0086F6C8 /* Race+SubraceTests.swift */,
				8124F557258C3A5B004514A8 /* FeatureTests.swift */,
				81C8B8E6253E21E10086F6C8 /* RecordCoreDataTests.swift */,
				81C8B8EE253E22800086F6C8 /* TestableCoreDataStack.swift */,
				81C8B805253D0B120086F6C8 /* LanguageTests.swift */,
				81ACFDA022C2F62F0014597D /* DamageTests.swift */,
				81C8B94F254092260086F6C8 /* ModifierTests.swift */,
				8123672A20CA44DD00F7AEFC /* Info.plist */,
			);
			path = CharacterCreatorTests;
			sourceTree = "<group>";
		};
		8123673220CA44DD00F7AEFC /* CharacterCreatorUITests */ = {
			isa = PBXGroup;
			children = (
				8123673320CA44DD00F7AEFC /* CharacterCreatorUITests.swift */,
				8123673520CA44DD00F7AEFC /* Info.plist */,
			);
			path = CharacterCreatorUITests;
			sourceTree = "<group>";
		};
		8123674120CA44EE00F7AEFC /* Data */ = {
			isa = PBXGroup;
			children = (
				81C8B906253E4DEA0086F6C8 /* CoreDataModels */,
				81D599DE22BC935F005EE768 /* RealmProvider.swift */,
				81C8B8B1253E196F0086F6C8 /* CoreDataStack.swift */,
				81C8B8E0253E211D0086F6C8 /* Records.xcdatamodeld */,
				819CF3A82543495400B96779 /* ValueTransformers.swift */,
				81D599E222BD8344005EE768 /* Realms */,
				81C8B7FC253D0AB10086F6C8 /* JSON */,
				8152B3EA20DC3B48008B7A1A /* races.swift */,
				81DF302D213C5F3200C939CE /* items.swift */,
				81BC72B020F18DB500B48195 /* classes.swift */,
				81BC72AA20F17F2500B48195 /* spells.swift */,
				81DC8E3F2107F2F9002F6AE4 /* backgrounds.swift */,
				81DC8E47210BBA64002F6AE4 /* skills.swift */,
			);
			path = Data;
			sourceTree = "<group>";
		};
		8124F548258C2FAD004514A8 /* Protocols */ = {
			isa = PBXGroup;
			children = (
				81C8B89E253E08450086F6C8 /* Record.swift */,
				8124F54F258C2FC1004514A8 /* Selectable.swift */,
			);
			path = Protocols;
			sourceTree = "<group>";
		};
		8124F55F258D0352004514A8 /* Selection Views */ = {
			isa = PBXGroup;
			children = (
				8124F53D258B3B51004514A8 /* FeatureSelectionViews.swift */,
				817235102551CBE600C2724C /* LanguageSelectionView.swift */,
			);
			path = "Selection Views";
			sourceTree = "<group>";
		};
		8152B3BF20D9D2F5008B7A1A /* Models */ = {
			isa = PBXGroup;
			children = (
				8152B3C220D9D32F008B7A1A /* Character.swift */,
				8152B3C620D9D340008B7A1A /* Race.swift */,
				8152B3C420D9D337008B7A1A /* Class.swift */,
				81DC8E43210BA599002F6AE4 /* Background.swift */,
				81BC72AE20F186C000B48195 /* Spell.swift */,
				81541A34227420C2002C7B72 /* Language.swift */,
				816935892548787400711E67 /* Feature.swift */,
				81ACFDB022C6C1F10014597D /* Item Objects */,
				81B038CF22DD14BA0059AFC1 /* Gameplay Objects */,
			);
			path = Models;
			sourceTree = "<group>";
		};
		8152B3CB20D9E004008B7A1A /* View Controllers */ = {
			isa = PBXGroup;
			children = (
				8112FA7121ACC01800EB61B8 /* Creation Path Controllers */,
				8112FA7221ACC04600EB61B8 /* Supporting Controllers */,
			);
			path = "View Controllers";
			sourceTree = "<group>";
		};
		8152B3D820D9F891008B7A1A /* Extensions */ = {
			isa = PBXGroup;
			children = (
				81FC7CF0210556F800BBDDD7 /* Array.swift */,
				81DC8E4121080E9E002F6AE4 /* String.swift */,
				8152B41020DEDA8D008B7A1A /* Int.swift */,
				8152B3E620DC124D008B7A1A /* UIView.swift */,
				81851D5E2254721E00260413 /* UITextView.swift */,
				81851D602254725C00260413 /* UITextField.swift */,
				819621E52268F33300A4DD3D /* UIResponder.swift */,
				81C8B93A253F707D0086F6C8 /* CodingUserInfoKey.swift */,
			);
			path = Extensions;
			sourceTree = "<group>";
		};
		8152B3D920D9FD65008B7A1A /* Views */ = {
			isa = PBXGroup;
			children = (
				8152B41620DEE7F6008B7A1A /* TableViewCells */,
				81DC8E49210BBF01002F6AE4 /* CollectionViewCells */,
				819D371420F9BF4D00986AFB /* SpellSelectionHeaderView.swift */,
				8135B41A21649F170058E9D6 /* SpellSelectionHeaderView.xib */,
				81DC8E4E211252AD002F6AE4 /* ChoiceSelectionView.swift */,
				81DC8E5421125637002F6AE4 /* SelectionView.xib */,
				81DC8E502112548A002F6AE4 /* ChoiceSelectionView.xib */,
				8152B3DE20DAE9EE008B7A1A /* StatStepperView.swift */,
				8152B3E020DAE9FB008B7A1A /* StatStepperView.xib */,
				81DF3031214310AD00C939CE /* FlavorViews.swift */,
				8135B43E2169B2030058E9D6 /* SpellDetailView.swift */,
				8135B4402169B22C0058E9D6 /* SpellDetailView.xib */,
				8195037B2256DDB700EE4469 /* DetailViews */,
				8195AF91225706F900153B58 /* Custom User Inputs */,
				81243E542279EFE0003A9DA8 /* WeaponStatView.swift */,
				81243E562279F022003A9DA8 /* WeaponStatView.xib */,
			);
			path = Views;
			sourceTree = "<group>";
		};
		8152B41620DEE7F6008B7A1A /* TableViewCells */ = {
			isa = PBXGroup;
			children = (
				8152B41220DEE659008B7A1A /* DropdownTableViewCell.swift */,
				8152B41320DEE659008B7A1A /* DropdownTableViewCell.xib */,
				81BC72A620F0813700B48195 /* SpellTableViewCell.swift */,
				81BC72A720F0813700B48195 /* SpellTableViewCell.xib */,
				81FC7CF821078F9100BBDDD7 /* BackgroundSelectionTableViewCell.swift */,
				81FC7CFA21078FA800BBDDD7 /* BackgroundSelectionTableViewCell.xib */,
				81F84969218A9A6D00280D8C /* ItemSelectionTableViewCell.swift */,
				81F8496A218A9A6D00280D8C /* ItemSelectionTableViewCell.xib */,
				81529E252152E49D00AD1A1A /* ReviewTableViewCells.swift */,
			);
			path = TableViewCells;
			sourceTree = "<group>";
		};
		816935982548947500711E67 /* Global Enums */ = {
			isa = PBXGroup;
			children = (
				8169358E2548788E00711E67 /* CreatureSize.swift */,
				816935932548944700711E67 /* Origin.swift */,
			);
			path = "Global Enums";
			sourceTree = "<group>";
		};
		816935A62548A4FA00711E67 /* Character Creation */ = {
			isa = PBXGroup;
			children = (
				81BBD3772558B3F4006D28C4 /* Main.swift */,
				816935AA2548A50800711E67 /* Home Views */,
				81C8B7DA253CD62B0086F6C8 /* RaceSelectionView.swift */,
				816935AE2548BC1A00711E67 /* RaceDetailView.swift */,
				8124F55F258D0352004514A8 /* Selection Views */,
			);
			path = "Character Creation";
			sourceTree = "<group>";
		};
		816935AA2548A50800711E67 /* Home Views */ = {
			isa = PBXGroup;
			children = (
				816935A12548A4E400711E67 /* CharacterCreationView.swift */,
				8169359C2548A09200711E67 /* CreationProgressionView.swift */,
			);
			path = "Home Views";
			sourceTree = "<group>";
		};
		8178317420F7F99800BF9B03 /* Design */ = {
			isa = PBXGroup;
			children = (
				8178317520F7F9AE00BF9B03 /* UIColor.swift */,
				8123671A20CA44DD00F7AEFC /* Assets.xcassets */,
				81588401254CF88900693259 /* Color.swift */,
				81179D902575E9A1008044A3 /* Font.swift */,
			);
			path = Design;
			sourceTree = "<group>";
		};
		818592102462133B001001A0 /* Recovered References */ = {
			isa = PBXGroup;
			children = (
				36B00BB9E155699B25486A18 /* Pods_CharacterCreator.framework */,
			);
			name = "Recovered References";
			sourceTree = "<group>";
		};
		8195037B2256DDB700EE4469 /* DetailViews */ = {
			isa = PBXGroup;
			children = (
				810900B0224EE3EF00FF8B17 /* BasicDetailView.swift */,
				810900B2224EE40100FF8B17 /* BasicDetailView.xib */,
				819503792256DDAE00EE4469 /* PersonalityDetailView.swift */,
				8195037D2256DDFB00EE4469 /* PersonalityDetailView.xib */,
				81CC0DE2226544C400FDC0AD /* SocialDetailView.swift */,
				81CC0DE4226544D400FDC0AD /* SocialDetailView.xib */,
			);
			path = DetailViews;
			sourceTree = "<group>";
		};
		8195AF91225706F900153B58 /* Custom User Inputs */ = {
			isa = PBXGroup;
			children = (
				8112FA7321ACC37D00EB61B8 /* TextFieldView.swift */,
				8195AF8D225706D200153B58 /* TextAreaView.swift */,
				8195AF8F225706E000153B58 /* SelectionPickerView.swift */,
				8195AF8B225706BE00153B58 /* ImageSelectionView.swift */,
			);
			path = "Custom User Inputs";
			sourceTree = "<group>";
		};
		81ACFDB022C6C1F10014597D /* Item Objects */ = {
			isa = PBXGroup;
			children = (
				81DF302B213C5D6A00C939CE /* Item.swift */,
				81243E58227A3562003A9DA8 /* Weapon.swift */,
				81A8D250227D21770015E116 /* Armor.swift */,
				81A8D252227D45280015E116 /* Pack.swift */,
			);
			path = "Item Objects";
			sourceTree = "<group>";
		};
		81B038CF22DD14BA0059AFC1 /* Gameplay Objects */ = {
			isa = PBXGroup;
			children = (
				81C8B944253FE9B90086F6C8 /* AbilityScore.swift */,
				8152B3C020D9D320008B7A1A /* Modifier.swift */,
				81F8496D218B7FBD00280D8C /* Damage.swift */,
				81B038CD22DD14AF0059AFC1 /* Effect.swift */,
				81B038D022DD14E00059AFC1 /* Calculation.swift */,
				816935982548947500711E67 /* Global Enums */,
			);
			path = "Gameplay Objects";
			sourceTree = "<group>";
		};
		81C8B7DF253CD62F0086F6C8 /* SwiftUI */ = {
			isa = PBXGroup;
			children = (
				816935A62548A4FA00711E67 /* Character Creation */,
				8137350B25533D5D004DDBA8 /* Print.swift */,
			);
			path = SwiftUI;
			sourceTree = "<group>";
		};
		81C8B7FC253D0AB10086F6C8 /* JSON */ = {
			isa = PBXGroup;
			children = (
				81C8B7E6253CD74C0086F6C8 /* races.json */,
				81C8B93F253FD2210086F6C8 /* subraces.json */,
				81C8B7FD253D0AF60086F6C8 /* languages.json */,
			);
			path = JSON;
			sourceTree = "<group>";
		};
		81C8B906253E4DEA0086F6C8 /* CoreDataModels */ = {
			isa = PBXGroup;
			children = (
			);
			path = CoreDataModels;
			sourceTree = "<group>";
		};
		81D599E222BD8344005EE768 /* Realms */ = {
			isa = PBXGroup;
			children = (
				81B038C722D81A170059AFC1 /* SpellRecords.realm */,
				81B038CB22DC0B750059AFC1 /* BackgroundRecords.realm */,
				81ACFDAE22C572BB0014597D /* ItemRecords.realm */,
				81D599ED22BDD85B005EE768 /* LanguageRecords.realm */,
			);
			path = Realms;
			sourceTree = "<group>";
		};
		81DC8E49210BBF01002F6AE4 /* CollectionViewCells */ = {
			isa = PBXGroup;
			children = (
				81DC8E4A210BBF31002F6AE4 /* SkillSelectionCollectionViewCell.swift */,
				81DC8E4B210BBF31002F6AE4 /* SkillSelectionCollectionViewCell.xib */,
				81541A2E2273CD86002C7B72 /* LanguageLabelCollectionViewCell.swift */,
				81541A3D2276A29B002C7B72 /* StaticLanguageLabelCollectionViewCell.xib */,
				81541A2F2273CD86002C7B72 /* RemoveableLanguageLabelCollectionViewCell.xib */,
			);
			path = CollectionViewCells;
			sourceTree = "<group>";
		};
		F507586D6438197C47D19E29 /* Frameworks */ = {
			isa = PBXGroup;
			children = (
				3E4BCF7797E542B608D4C086 /* libPods-CharacterCreator.a */,
				CB5F093F49FBCC682213FFFF /* libPods-CharacterCreatorTests.a */,
				621D62B0BA9DFB37D9CF7AD1 /* libPods-CharacterCreatorUITests.a */,
			);
			name = Frameworks;
			sourceTree = "<group>";
		};
/* End PBXGroup section */

/* Begin PBXNativeTarget section */
		8123670C20CA44DA00F7AEFC /* CharacterCreator */ = {
			isa = PBXNativeTarget;
			buildConfigurationList = 8123673820CA44DD00F7AEFC /* Build configuration list for PBXNativeTarget "CharacterCreator" */;
			buildPhases = (
				CE4A629A42541876A7D38AD8 /* [CP] Check Pods Manifest.lock */,
				8123670920CA44DA00F7AEFC /* Sources */,
				8123670A20CA44DA00F7AEFC /* Frameworks */,
				8123670B20CA44DA00F7AEFC /* Resources */,
				819D371B20FACEC900986AFB /* New Relic dSYM Upload */,
			);
			buildRules = (
			);
			dependencies = (
			);
			name = CharacterCreator;
			productName = CharacterCreator;
			productReference = 8123670D20CA44DA00F7AEFC /* CharacterCreator.app */;
			productType = "com.apple.product-type.application";
		};
		8123672320CA44DD00F7AEFC /* CharacterCreatorTests */ = {
			isa = PBXNativeTarget;
			buildConfigurationList = 8123673B20CA44DD00F7AEFC /* Build configuration list for PBXNativeTarget "CharacterCreatorTests" */;
			buildPhases = (
				46AADD30572D4D6D647C4529 /* [CP] Check Pods Manifest.lock */,
				8123672020CA44DD00F7AEFC /* Sources */,
				8123672120CA44DD00F7AEFC /* Frameworks */,
				8123672220CA44DD00F7AEFC /* Resources */,
			);
			buildRules = (
			);
			dependencies = (
				8123672620CA44DD00F7AEFC /* PBXTargetDependency */,
			);
			name = CharacterCreatorTests;
			productName = CharacterCreatorTests;
			productReference = 8123672420CA44DD00F7AEFC /* CharacterCreatorTests.xctest */;
			productType = "com.apple.product-type.bundle.unit-test";
		};
		8123672E20CA44DD00F7AEFC /* CharacterCreatorUITests */ = {
			isa = PBXNativeTarget;
			buildConfigurationList = 8123673E20CA44DD00F7AEFC /* Build configuration list for PBXNativeTarget "CharacterCreatorUITests" */;
			buildPhases = (
				A1BA04F80EBEBED09B28ADEF /* [CP] Check Pods Manifest.lock */,
				8123672B20CA44DD00F7AEFC /* Sources */,
				8123672C20CA44DD00F7AEFC /* Frameworks */,
				8123672D20CA44DD00F7AEFC /* Resources */,
			);
			buildRules = (
			);
			dependencies = (
				8123673120CA44DD00F7AEFC /* PBXTargetDependency */,
			);
			name = CharacterCreatorUITests;
			productName = CharacterCreatorUITests;
			productReference = 8123672F20CA44DD00F7AEFC /* CharacterCreatorUITests.xctest */;
			productType = "com.apple.product-type.bundle.ui-testing";
		};
/* End PBXNativeTarget section */

/* Begin PBXProject section */
		8123670520CA44DA00F7AEFC /* Project object */ = {
			isa = PBXProject;
			attributes = {
				LastSwiftUpdateCheck = 0940;
				LastUpgradeCheck = 0940;
				ORGANIZATIONNAME = "Ike Mattice";
				TargetAttributes = {
					8123670C20CA44DA00F7AEFC = {
						CreatedOnToolsVersion = 9.4;
						LastSwiftMigration = 1020;
					};
					8123672320CA44DD00F7AEFC = {
						CreatedOnToolsVersion = 9.4;
						LastSwiftMigration = 1020;
						TestTargetID = 8123670C20CA44DA00F7AEFC;
					};
					8123672E20CA44DD00F7AEFC = {
						CreatedOnToolsVersion = 9.4;
						LastSwiftMigration = 1020;
						TestTargetID = 8123670C20CA44DA00F7AEFC;
					};
				};
			};
			buildConfigurationList = 8123670820CA44DA00F7AEFC /* Build configuration list for PBXProject "CharacterCreator" */;
			compatibilityVersion = "Xcode 9.3";
			developmentRegion = en;
			hasScannedForEncodings = 0;
			knownRegions = (
				en,
				Base,
			);
			mainGroup = 8123670420CA44DA00F7AEFC;
			productRefGroup = 8123670E20CA44DA00F7AEFC /* Products */;
			projectDirPath = "";
			projectRoot = "";
			targets = (
				8123670C20CA44DA00F7AEFC /* CharacterCreator */,
				8123672320CA44DD00F7AEFC /* CharacterCreatorTests */,
				8123672E20CA44DD00F7AEFC /* CharacterCreatorUITests */,
			);
		};
/* End PBXProject section */

/* Begin PBXResourcesBuildPhase section */
		8123670B20CA44DA00F7AEFC /* Resources */ = {
			isa = PBXResourcesBuildPhase;
			buildActionMask = 2147483647;
			files = (
				8123671E20CA44DD00F7AEFC /* LaunchScreen.storyboard in Resources */,
				8152B41520DEE659008B7A1A /* DropdownTableViewCell.xib in Resources */,
				81541A312273CD86002C7B72 /* RemoveableLanguageLabelCollectionViewCell.xib in Resources */,
				81B038C822D81A170059AFC1 /* SpellRecords.realm in Resources */,
				8135B4412169B22C0058E9D6 /* SpellDetailView.xib in Resources */,
				81ACFDAF22C572BB0014597D /* ItemRecords.realm in Resources */,
				81C8B7FE253D0AF60086F6C8 /* languages.json in Resources */,
				81FC7CFB21078FA800BBDDD7 /* BackgroundSelectionTableViewCell.xib in Resources */,
				81243E572279F022003A9DA8 /* WeaponStatView.xib in Resources */,
				810900B3224EE40100FF8B17 /* BasicDetailView.xib in Resources */,
				8135B41B21649F170058E9D6 /* SpellSelectionHeaderView.xib in Resources */,
				81F8496C218A9A6D00280D8C /* ItemSelectionTableViewCell.xib in Resources */,
				81B038CC22DC0B750059AFC1 /* BackgroundRecords.realm in Resources */,
				81BC72A920F0813700B48195 /* SpellTableViewCell.xib in Resources */,
				81DC8E5521125637002F6AE4 /* SelectionView.xib in Resources */,
				81C8B940253FD2220086F6C8 /* subraces.json in Resources */,
				8123671B20CA44DD00F7AEFC /* Assets.xcassets in Resources */,
				81DC8E512112548A002F6AE4 /* ChoiceSelectionView.xib in Resources */,
				81C8B7E7253CD74C0086F6C8 /* races.json in Resources */,
				8152B3E120DAE9FB008B7A1A /* StatStepperView.xib in Resources */,
				81D599EE22BDD85B005EE768 /* LanguageRecords.realm in Resources */,
				81541A3F2276A29B002C7B72 /* StaticLanguageLabelCollectionViewCell.xib in Resources */,
				8195037E2256DDFB00EE4469 /* PersonalityDetailView.xib in Resources */,
				81DC8E4D210BBF31002F6AE4 /* SkillSelectionCollectionViewCell.xib in Resources */,
				81CC0DE5226544D400FDC0AD /* SocialDetailView.xib in Resources */,
				8123671620CA44DA00F7AEFC /* Main.storyboard in Resources */,
			);
			runOnlyForDeploymentPostprocessing = 0;
		};
		8123672220CA44DD00F7AEFC /* Resources */ = {
			isa = PBXResourcesBuildPhase;
			buildActionMask = 2147483647;
			files = (
			);
			runOnlyForDeploymentPostprocessing = 0;
		};
		8123672D20CA44DD00F7AEFC /* Resources */ = {
			isa = PBXResourcesBuildPhase;
			buildActionMask = 2147483647;
			files = (
			);
			runOnlyForDeploymentPostprocessing = 0;
		};
/* End PBXResourcesBuildPhase section */

/* Begin PBXShellScriptBuildPhase section */
		46AADD30572D4D6D647C4529 /* [CP] Check Pods Manifest.lock */ = {
			isa = PBXShellScriptBuildPhase;
			buildActionMask = 2147483647;
			files = (
			);
			inputPaths = (
				"${PODS_PODFILE_DIR_PATH}/Podfile.lock",
				"${PODS_ROOT}/Manifest.lock",
			);
			name = "[CP] Check Pods Manifest.lock";
			outputPaths = (
				"$(DERIVED_FILE_DIR)/Pods-CharacterCreatorTests-checkManifestLockResult.txt",
			);
			runOnlyForDeploymentPostprocessing = 0;
			shellPath = /bin/sh;
			shellScript = "diff \"${PODS_PODFILE_DIR_PATH}/Podfile.lock\" \"${PODS_ROOT}/Manifest.lock\" > /dev/null\nif [ $? != 0 ] ; then\n    # print error to STDERR\n    echo \"error: The sandbox is not in sync with the Podfile.lock. Run 'pod install' or update your CocoaPods installation.\" >&2\n    exit 1\nfi\n# This output is used by Xcode 'outputs' to avoid re-running this script phase.\necho \"SUCCESS\" > \"${SCRIPT_OUTPUT_FILE_0}\"\n";
			showEnvVarsInLog = 0;
		};
		819D371B20FACEC900986AFB /* New Relic dSYM Upload */ = {
			isa = PBXShellScriptBuildPhase;
			buildActionMask = 2147483647;
			files = (
			);
			inputPaths = (
			);
			name = "New Relic dSYM Upload";
			outputPaths = (
			);
			runOnlyForDeploymentPostprocessing = 0;
			shellPath = /bin/sh;
			shellScript = "SCRIPT=`/usr/bin/find \"${SRCROOT}\" -name newrelic_postbuild.sh | head -n 1`\n\n/bin/sh \"${SCRIPT}\" \"AAc5cd5fead1df73542320108549cfe7ac5f75a1cc\"\n";
		};
		A1BA04F80EBEBED09B28ADEF /* [CP] Check Pods Manifest.lock */ = {
			isa = PBXShellScriptBuildPhase;
			buildActionMask = 2147483647;
			files = (
			);
			inputPaths = (
				"${PODS_PODFILE_DIR_PATH}/Podfile.lock",
				"${PODS_ROOT}/Manifest.lock",
			);
			name = "[CP] Check Pods Manifest.lock";
			outputPaths = (
				"$(DERIVED_FILE_DIR)/Pods-CharacterCreatorUITests-checkManifestLockResult.txt",
			);
			runOnlyForDeploymentPostprocessing = 0;
			shellPath = /bin/sh;
			shellScript = "diff \"${PODS_PODFILE_DIR_PATH}/Podfile.lock\" \"${PODS_ROOT}/Manifest.lock\" > /dev/null\nif [ $? != 0 ] ; then\n    # print error to STDERR\n    echo \"error: The sandbox is not in sync with the Podfile.lock. Run 'pod install' or update your CocoaPods installation.\" >&2\n    exit 1\nfi\n# This output is used by Xcode 'outputs' to avoid re-running this script phase.\necho \"SUCCESS\" > \"${SCRIPT_OUTPUT_FILE_0}\"\n";
			showEnvVarsInLog = 0;
		};
		CE4A629A42541876A7D38AD8 /* [CP] Check Pods Manifest.lock */ = {
			isa = PBXShellScriptBuildPhase;
			buildActionMask = 2147483647;
			files = (
			);
			inputPaths = (
				"${PODS_PODFILE_DIR_PATH}/Podfile.lock",
				"${PODS_ROOT}/Manifest.lock",
			);
			name = "[CP] Check Pods Manifest.lock";
			outputPaths = (
				"$(DERIVED_FILE_DIR)/Pods-CharacterCreator-checkManifestLockResult.txt",
			);
			runOnlyForDeploymentPostprocessing = 0;
			shellPath = /bin/sh;
			shellScript = "diff \"${PODS_PODFILE_DIR_PATH}/Podfile.lock\" \"${PODS_ROOT}/Manifest.lock\" > /dev/null\nif [ $? != 0 ] ; then\n    # print error to STDERR\n    echo \"error: The sandbox is not in sync with the Podfile.lock. Run 'pod install' or update your CocoaPods installation.\" >&2\n    exit 1\nfi\n# This output is used by Xcode 'outputs' to avoid re-running this script phase.\necho \"SUCCESS\" > \"${SCRIPT_OUTPUT_FILE_0}\"\n";
			showEnvVarsInLog = 0;
		};
/* End PBXShellScriptBuildPhase section */

/* Begin PBXSourcesBuildPhase section */
		8123670920CA44DA00F7AEFC /* Sources */ = {
			isa = PBXSourcesBuildPhase;
			buildActionMask = 2147483647;
			files = (
				816935AF2548BC1A00711E67 /* RaceDetailView.swift in Sources */,
				81C8B8E2253E211D0086F6C8 /* Records.xcdatamodeld in Sources */,
				81588402254CF88900693259 /* Color.swift in Sources */,
				81541A35227420C2002C7B72 /* Language.swift in Sources */,
				8152B3C720D9D340008B7A1A /* Race.swift in Sources */,
				81DC8E4221080E9E002F6AE4 /* String.swift in Sources */,
				81DF3030213D8A4C00C939CE /* FlavorViewController.swift in Sources */,
				81DF3032214310AD00C939CE /* FlavorViews.swift in Sources */,
				8152B3E720DC124D008B7A1A /* UIView.swift in Sources */,
				81DF302C213C5D6A00C939CE /* Item.swift in Sources */,
				81BBD3782558B3F4006D28C4 /* Main.swift in Sources */,
				81A8D253227D45280015E116 /* Pack.swift in Sources */,
				8152B3D320D9E0B5008B7A1A /* ReviewViewController.swift in Sources */,
				81C8B89F253E08450086F6C8 /* Record.swift in Sources */,
				8135B43F2169B2040058E9D6 /* SpellDetailView.swift in Sources */,
				81179D912575E9A1008044A3 /* Font.swift in Sources */,
				8195AF8C225706BE00153B58 /* ImageSelectionView.swift in Sources */,
				81B038CE22DD14AF0059AFC1 /* Effect.swift in Sources */,
				8152B3CD20D9E01A008B7A1A /* StatDistributionViewController.swift in Sources */,
				810900B1224EE3EF00FF8B17 /* BasicDetailView.swift in Sources */,
				819CF3A92543495400B96779 /* ValueTransformers.swift in Sources */,
				81541A302273CD86002C7B72 /* LanguageLabelCollectionViewCell.swift in Sources */,
				817235112551CBE600C2724C /* LanguageSelectionView.swift in Sources */,
				81DC8E402107F2F9002F6AE4 /* backgrounds.swift in Sources */,
				81BC72AF20F186C000B48195 /* Spell.swift in Sources */,
				816935A22548A4E400711E67 /* CharacterCreationView.swift in Sources */,
				81CC0DE3226544C400FDC0AD /* SocialDetailView.swift in Sources */,
				8169358A2548787400711E67 /* Feature.swift in Sources */,
				816935942548944700711E67 /* Origin.swift in Sources */,
				81B038D122DD14E00059AFC1 /* Calculation.swift in Sources */,
				81243E552279EFE1003A9DA8 /* WeaponStatView.swift in Sources */,
				8112FA7421ACC37D00EB61B8 /* TextFieldView.swift in Sources */,
				819621E62268F33300A4DD3D /* UIResponder.swift in Sources */,
				81A8D251227D21770015E116 /* Armor.swift in Sources */,
				81F8496E218B7FBD00280D8C /* Damage.swift in Sources */,
				8152B41420DEE659008B7A1A /* DropdownTableViewCell.swift in Sources */,
				8124F550258C2FC1004514A8 /* Selectable.swift in Sources */,
				81FC7CF1210556F800BBDDD7 /* Array.swift in Sources */,
				8195037A2256DDAE00EE4469 /* PersonalityDetailView.swift in Sources */,
				8152B3C520D9D337008B7A1A /* Class.swift in Sources */,
				819D371520F9BF4D00986AFB /* SpellSelectionHeaderView.swift in Sources */,
				8169359D2548A09200711E67 /* CreationProgressionView.swift in Sources */,
				8195AF8E225706D200153B58 /* TextAreaView.swift in Sources */,
				81DC8E46210BB993002F6AE4 /* AbilitySelectionViewController.swift in Sources */,
				81243E59227A3562003A9DA8 /* Weapon.swift in Sources */,
				819B065F20E7455300902D4E /* ModalTableViewController.swift in Sources */,
				8169358F2548788E00711E67 /* CreatureSize.swift in Sources */,
				81851D5F2254721E00260413 /* UITextView.swift in Sources */,
				81C8B80E253D10CE0086F6C8 /* Errors.swift in Sources */,
				81BC72A820F0813700B48195 /* SpellTableViewCell.swift in Sources */,
				81C8B8B2253E196F0086F6C8 /* CoreDataStack.swift in Sources */,
				81529E262152E49D00AD1A1A /* ReviewTableViewCells.swift in Sources */,
				81C8B93B253F707D0086F6C8 /* CodingUserInfoKey.swift in Sources */,
				81851D612254725C00260413 /* UITextField.swift in Sources */,
				8178317620F7F9AE00BF9B03 /* UIColor.swift in Sources */,
				8152B3C120D9D320008B7A1A /* Modifier.swift in Sources */,
				81FC7CF52106965E00BBDDD7 /* BackgroundSelectionViewController.swift in Sources */,
				8137350C25533D5D004DDBA8 /* Print.swift in Sources */,
				81F8496B218A9A6D00280D8C /* ItemSelectionTableViewCell.swift in Sources */,
				81C8B945253FE9B90086F6C8 /* AbilityScore.swift in Sources */,
				81D599DF22BC935F005EE768 /* RealmProvider.swift in Sources */,
				8152B3EB20DC3B48008B7A1A /* races.swift in Sources */,
				8152B3D120D9E097008B7A1A /* DropdownViewController.swift in Sources */,
				81BC72AB20F17F2500B48195 /* spells.swift in Sources */,
				81DC8E4C210BBF31002F6AE4 /* SkillSelectionCollectionViewCell.swift in Sources */,
				81DC8E57211256EC002F6AE4 /* InventorySelectionViewController.swift in Sources */,
				8152B3DF20DAE9EE008B7A1A /* StatStepperView.swift in Sources */,
				81DC8E48210BBA64002F6AE4 /* skills.swift in Sources */,
				81DF302E213C5F3200C939CE /* items.swift in Sources */,
				8195AF90225706E000153B58 /* SelectionPickerView.swift in Sources */,
				81FC7CF921078F9100BBDDD7 /* BackgroundSelectionTableViewCell.swift in Sources */,
				81BC72B120F18DB500B48195 /* classes.swift in Sources */,
				81DC8E4F211252AD002F6AE4 /* ChoiceSelectionView.swift in Sources */,
				8112FA7021A7D03600EB61B8 /* WeaponSelectionTableViewController.swift in Sources */,
				81BC72AD20F185ED00B48195 /* SpellSelectionViewController.swift in Sources */,
				8152B41120DEDA8D008B7A1A /* Int.swift in Sources */,
				8152B3C320D9D32F008B7A1A /* Character.swift in Sources */,
				81541A3322742051002C7B72 /* LanguageSelectionTableViewController.swift in Sources */,
				81C8B7DB253CD62B0086F6C8 /* RaceSelectionView.swift in Sources */,
				81DC8E44210BA599002F6AE4 /* Background.swift in Sources */,
				8124F53E258B3B51004514A8 /* FeatureSelectionViews.swift in Sources */,
			);
			runOnlyForDeploymentPostprocessing = 0;
		};
		8123672020CA44DD00F7AEFC /* Sources */ = {
			isa = PBXSourcesBuildPhase;
			buildActionMask = 2147483647;
			files = (
				81ACFDA122C2F62F0014597D /* DamageTests.swift in Sources */,
				8124F558258C3A5B004514A8 /* FeatureTests.swift in Sources */,
				81C8B8E7253E21E10086F6C8 /* RecordCoreDataTests.swift in Sources */,
				81C8B950254092270086F6C8 /* ModifierTests.swift in Sources */,
				81C8B8EF253E22800086F6C8 /* TestableCoreDataStack.swift in Sources */,
				81C8B806253D0B120086F6C8 /* LanguageTests.swift in Sources */,
				81C8B7F5253CFA6B0086F6C8 /* Race+SubraceTests.swift in Sources */,
			);
			runOnlyForDeploymentPostprocessing = 0;
		};
		8123672B20CA44DD00F7AEFC /* Sources */ = {
			isa = PBXSourcesBuildPhase;
			buildActionMask = 2147483647;
			files = (
				8123673420CA44DD00F7AEFC /* CharacterCreatorUITests.swift in Sources */,
			);
			runOnlyForDeploymentPostprocessing = 0;
		};
/* End PBXSourcesBuildPhase section */

/* Begin PBXTargetDependency section */
		8123672620CA44DD00F7AEFC /* PBXTargetDependency */ = {
			isa = PBXTargetDependency;
			target = 8123670C20CA44DA00F7AEFC /* CharacterCreator */;
			targetProxy = 8123672520CA44DD00F7AEFC /* PBXContainerItemProxy */;
		};
		8123673120CA44DD00F7AEFC /* PBXTargetDependency */ = {
			isa = PBXTargetDependency;
			target = 8123670C20CA44DA00F7AEFC /* CharacterCreator */;
			targetProxy = 8123673020CA44DD00F7AEFC /* PBXContainerItemProxy */;
		};
/* End PBXTargetDependency section */

/* Begin PBXVariantGroup section */
		8123671420CA44DA00F7AEFC /* Main.storyboard */ = {
			isa = PBXVariantGroup;
			children = (
				8123671520CA44DA00F7AEFC /* Base */,
			);
			name = Main.storyboard;
			sourceTree = "<group>";
		};
		8123671C20CA44DD00F7AEFC /* LaunchScreen.storyboard */ = {
			isa = PBXVariantGroup;
			children = (
				8123671D20CA44DD00F7AEFC /* Base */,
			);
			name = LaunchScreen.storyboard;
			sourceTree = "<group>";
		};
/* End PBXVariantGroup section */

/* Begin XCBuildConfiguration section */
		8123673620CA44DD00F7AEFC /* Debug */ = {
			isa = XCBuildConfiguration;
			buildSettings = {
				ALWAYS_SEARCH_USER_PATHS = NO;
				CLANG_ANALYZER_NONNULL = YES;
				CLANG_ANALYZER_NUMBER_OBJECT_CONVERSION = YES_AGGRESSIVE;
				CLANG_CXX_LANGUAGE_STANDARD = "gnu++14";
				CLANG_CXX_LIBRARY = "libc++";
				CLANG_ENABLE_MODULES = YES;
				CLANG_ENABLE_OBJC_ARC = YES;
				CLANG_ENABLE_OBJC_WEAK = YES;
				CLANG_WARN_BLOCK_CAPTURE_AUTORELEASING = YES;
				CLANG_WARN_BOOL_CONVERSION = YES;
				CLANG_WARN_COMMA = YES;
				CLANG_WARN_CONSTANT_CONVERSION = YES;
				CLANG_WARN_DEPRECATED_OBJC_IMPLEMENTATIONS = YES;
				CLANG_WARN_DIRECT_OBJC_ISA_USAGE = YES_ERROR;
				CLANG_WARN_DOCUMENTATION_COMMENTS = YES;
				CLANG_WARN_EMPTY_BODY = YES;
				CLANG_WARN_ENUM_CONVERSION = YES;
				CLANG_WARN_INFINITE_RECURSION = YES;
				CLANG_WARN_INT_CONVERSION = YES;
				CLANG_WARN_NON_LITERAL_NULL_CONVERSION = YES;
				CLANG_WARN_OBJC_IMPLICIT_RETAIN_SELF = YES;
				CLANG_WARN_OBJC_LITERAL_CONVERSION = YES;
				CLANG_WARN_OBJC_ROOT_CLASS = YES_ERROR;
				CLANG_WARN_RANGE_LOOP_ANALYSIS = YES;
				CLANG_WARN_STRICT_PROTOTYPES = YES;
				CLANG_WARN_SUSPICIOUS_MOVE = YES;
				CLANG_WARN_UNGUARDED_AVAILABILITY = YES_AGGRESSIVE;
				CLANG_WARN_UNREACHABLE_CODE = YES;
				CLANG_WARN__DUPLICATE_METHOD_MATCH = YES;
				CODE_SIGN_IDENTITY = "iPhone Developer";
				COPY_PHASE_STRIP = NO;
				DEBUG_INFORMATION_FORMAT = dwarf;
				ENABLE_STRICT_OBJC_MSGSEND = YES;
				ENABLE_TESTABILITY = YES;
				GCC_C_LANGUAGE_STANDARD = gnu11;
				GCC_DYNAMIC_NO_PIC = NO;
				GCC_NO_COMMON_BLOCKS = YES;
				GCC_OPTIMIZATION_LEVEL = 0;
				GCC_PREPROCESSOR_DEFINITIONS = (
					"DEBUG=1",
					"$(inherited)",
				);
				GCC_WARN_64_TO_32_BIT_CONVERSION = YES;
				GCC_WARN_ABOUT_RETURN_TYPE = YES_ERROR;
				GCC_WARN_UNDECLARED_SELECTOR = YES;
				GCC_WARN_UNINITIALIZED_AUTOS = YES_AGGRESSIVE;
				GCC_WARN_UNUSED_FUNCTION = YES;
				GCC_WARN_UNUSED_VARIABLE = YES;
				IPHONEOS_DEPLOYMENT_TARGET = 11.4;
				MTL_ENABLE_DEBUG_INFO = YES;
				ONLY_ACTIVE_ARCH = YES;
				SDKROOT = iphoneos;
				SWIFT_ACTIVE_COMPILATION_CONDITIONS = DEBUG;
				SWIFT_OPTIMIZATION_LEVEL = "-Onone";
			};
			name = Debug;
		};
		8123673720CA44DD00F7AEFC /* Release */ = {
			isa = XCBuildConfiguration;
			buildSettings = {
				ALWAYS_SEARCH_USER_PATHS = NO;
				CLANG_ANALYZER_NONNULL = YES;
				CLANG_ANALYZER_NUMBER_OBJECT_CONVERSION = YES_AGGRESSIVE;
				CLANG_CXX_LANGUAGE_STANDARD = "gnu++14";
				CLANG_CXX_LIBRARY = "libc++";
				CLANG_ENABLE_MODULES = YES;
				CLANG_ENABLE_OBJC_ARC = YES;
				CLANG_ENABLE_OBJC_WEAK = YES;
				CLANG_WARN_BLOCK_CAPTURE_AUTORELEASING = YES;
				CLANG_WARN_BOOL_CONVERSION = YES;
				CLANG_WARN_COMMA = YES;
				CLANG_WARN_CONSTANT_CONVERSION = YES;
				CLANG_WARN_DEPRECATED_OBJC_IMPLEMENTATIONS = YES;
				CLANG_WARN_DIRECT_OBJC_ISA_USAGE = YES_ERROR;
				CLANG_WARN_DOCUMENTATION_COMMENTS = YES;
				CLANG_WARN_EMPTY_BODY = YES;
				CLANG_WARN_ENUM_CONVERSION = YES;
				CLANG_WARN_INFINITE_RECURSION = YES;
				CLANG_WARN_INT_CONVERSION = YES;
				CLANG_WARN_NON_LITERAL_NULL_CONVERSION = YES;
				CLANG_WARN_OBJC_IMPLICIT_RETAIN_SELF = YES;
				CLANG_WARN_OBJC_LITERAL_CONVERSION = YES;
				CLANG_WARN_OBJC_ROOT_CLASS = YES_ERROR;
				CLANG_WARN_RANGE_LOOP_ANALYSIS = YES;
				CLANG_WARN_STRICT_PROTOTYPES = YES;
				CLANG_WARN_SUSPICIOUS_MOVE = YES;
				CLANG_WARN_UNGUARDED_AVAILABILITY = YES_AGGRESSIVE;
				CLANG_WARN_UNREACHABLE_CODE = YES;
				CLANG_WARN__DUPLICATE_METHOD_MATCH = YES;
				CODE_SIGN_IDENTITY = "iPhone Developer";
				COPY_PHASE_STRIP = NO;
				DEBUG_INFORMATION_FORMAT = "dwarf-with-dsym";
				ENABLE_NS_ASSERTIONS = NO;
				ENABLE_STRICT_OBJC_MSGSEND = YES;
				GCC_C_LANGUAGE_STANDARD = gnu11;
				GCC_NO_COMMON_BLOCKS = YES;
				GCC_WARN_64_TO_32_BIT_CONVERSION = YES;
				GCC_WARN_ABOUT_RETURN_TYPE = YES_ERROR;
				GCC_WARN_UNDECLARED_SELECTOR = YES;
				GCC_WARN_UNINITIALIZED_AUTOS = YES_AGGRESSIVE;
				GCC_WARN_UNUSED_FUNCTION = YES;
				GCC_WARN_UNUSED_VARIABLE = YES;
				IPHONEOS_DEPLOYMENT_TARGET = 11.4;
				MTL_ENABLE_DEBUG_INFO = NO;
				SDKROOT = iphoneos;
				SWIFT_COMPILATION_MODE = wholemodule;
				SWIFT_OPTIMIZATION_LEVEL = "-O";
				VALIDATE_PRODUCT = YES;
			};
			name = Release;
		};
		8123673920CA44DD00F7AEFC /* Debug */ = {
			isa = XCBuildConfiguration;
			baseConfigurationReference = 9F4B5632BB96D2AF90E107BC /* Pods-CharacterCreator.debug.xcconfig */;
			buildSettings = {
				ASSETCATALOG_COMPILER_APPICON_NAME = AppIcon;
				CLANG_ENABLE_MODULES = YES;
				CODE_SIGN_STYLE = Automatic;
				DEBUG_INFORMATION_FORMAT = "dwarf-with-dsym";
				DEVELOPMENT_TEAM = VNA55J4REY;
				ENABLE_BITCODE = NO;
				INFOPLIST_FILE = CharacterCreator/Info.plist;
				IPHONEOS_DEPLOYMENT_TARGET = 14.0;
				LD_RUNPATH_SEARCH_PATHS = (
					"$(inherited)",
					"@executable_path/Frameworks",
				);
				PRODUCT_BUNDLE_IDENTIFIER = com.ikemattice.CharacterCreator;
				PRODUCT_NAME = "$(TARGET_NAME)";
				SWIFT_OBJC_BRIDGING_HEADER = "CharacterCreator/CharacterCreator-Bridging-Header.h";
				SWIFT_OPTIMIZATION_LEVEL = "-Onone";
				SWIFT_VERSION = 5.0;
				TARGETED_DEVICE_FAMILY = 1;
			};
			name = Debug;
		};
		8123673A20CA44DD00F7AEFC /* Release */ = {
			isa = XCBuildConfiguration;
			baseConfigurationReference = 4BC4CEFA3FE758D3DE242E04 /* Pods-CharacterCreator.release.xcconfig */;
			buildSettings = {
				ASSETCATALOG_COMPILER_APPICON_NAME = AppIcon;
				CLANG_ENABLE_MODULES = YES;
				CODE_SIGN_STYLE = Automatic;
				DEVELOPMENT_TEAM = VNA55J4REY;
				ENABLE_BITCODE = YES;
				INFOPLIST_FILE = CharacterCreator/Info.plist;
				IPHONEOS_DEPLOYMENT_TARGET = 14.0;
				LD_RUNPATH_SEARCH_PATHS = (
					"$(inherited)",
					"@executable_path/Frameworks",
				);
				PRODUCT_BUNDLE_IDENTIFIER = com.ikemattice.CharacterCreator;
				PRODUCT_NAME = "$(TARGET_NAME)";
				SWIFT_OBJC_BRIDGING_HEADER = "CharacterCreator/CharacterCreator-Bridging-Header.h";
				SWIFT_VERSION = 5.0;
				TARGETED_DEVICE_FAMILY = 1;
			};
			name = Release;
		};
		8123673C20CA44DD00F7AEFC /* Debug */ = {
			isa = XCBuildConfiguration;
			baseConfigurationReference = 7B8B1F22B17F9F2E99331D0B /* Pods-CharacterCreatorTests.debug.xcconfig */;
			buildSettings = {
				ALWAYS_EMBED_SWIFT_STANDARD_LIBRARIES = YES;
				BUNDLE_LOADER = "$(TEST_HOST)";
				CODE_SIGN_STYLE = Automatic;
				DEVELOPMENT_TEAM = VNA55J4REY;
				INFOPLIST_FILE = CharacterCreatorTests/Info.plist;
				IPHONEOS_DEPLOYMENT_TARGET = 14.0;
				LD_RUNPATH_SEARCH_PATHS = (
					"$(inherited)",
					"@executable_path/Frameworks",
					"@loader_path/Frameworks",
				);
				PRODUCT_BUNDLE_IDENTIFIER = com.ikemattice.CharacterCreatorTests;
				PRODUCT_NAME = "$(TARGET_NAME)";
				SWIFT_VERSION = 5.0;
				TARGETED_DEVICE_FAMILY = "1,2";
				TEST_HOST = "$(BUILT_PRODUCTS_DIR)/CharacterCreator.app/CharacterCreator";
			};
			name = Debug;
		};
		8123673D20CA44DD00F7AEFC /* Release */ = {
			isa = XCBuildConfiguration;
			baseConfigurationReference = 83618B6881998D87BABA9F69 /* Pods-CharacterCreatorTests.release.xcconfig */;
			buildSettings = {
				ALWAYS_EMBED_SWIFT_STANDARD_LIBRARIES = YES;
				BUNDLE_LOADER = "$(TEST_HOST)";
				CODE_SIGN_STYLE = Automatic;
				DEVELOPMENT_TEAM = VNA55J4REY;
				INFOPLIST_FILE = CharacterCreatorTests/Info.plist;
				IPHONEOS_DEPLOYMENT_TARGET = 14.0;
				LD_RUNPATH_SEARCH_PATHS = (
					"$(inherited)",
					"@executable_path/Frameworks",
					"@loader_path/Frameworks",
				);
				PRODUCT_BUNDLE_IDENTIFIER = com.ikemattice.CharacterCreatorTests;
				PRODUCT_NAME = "$(TARGET_NAME)";
				SWIFT_VERSION = 5.0;
				TARGETED_DEVICE_FAMILY = "1,2";
				TEST_HOST = "$(BUILT_PRODUCTS_DIR)/CharacterCreator.app/CharacterCreator";
			};
			name = Release;
		};
		8123673F20CA44DD00F7AEFC /* Debug */ = {
			isa = XCBuildConfiguration;
			baseConfigurationReference = 007963E6627C41295E01FA38 /* Pods-CharacterCreatorUITests.debug.xcconfig */;
			buildSettings = {
				ALWAYS_EMBED_SWIFT_STANDARD_LIBRARIES = YES;
				CODE_SIGN_STYLE = Automatic;
				DEVELOPMENT_TEAM = VNA55J4REY;
				INFOPLIST_FILE = CharacterCreatorUITests/Info.plist;
				IPHONEOS_DEPLOYMENT_TARGET = 14.0;
				LD_RUNPATH_SEARCH_PATHS = (
					"$(inherited)",
					"@executable_path/Frameworks",
					"@loader_path/Frameworks",
				);
				PRODUCT_BUNDLE_IDENTIFIER = com.ikemattice.CharacterCreatorUITests;
				PRODUCT_NAME = "$(TARGET_NAME)";
				SWIFT_VERSION = 5.0;
				TARGETED_DEVICE_FAMILY = "1,2";
				TEST_TARGET_NAME = CharacterCreator;
			};
			name = Debug;
		};
		8123674020CA44DD00F7AEFC /* Release */ = {
			isa = XCBuildConfiguration;
			baseConfigurationReference = 415DEC37BB35A776F2A04D97 /* Pods-CharacterCreatorUITests.release.xcconfig */;
			buildSettings = {
				ALWAYS_EMBED_SWIFT_STANDARD_LIBRARIES = YES;
				CODE_SIGN_STYLE = Automatic;
				DEVELOPMENT_TEAM = VNA55J4REY;
				INFOPLIST_FILE = CharacterCreatorUITests/Info.plist;
				IPHONEOS_DEPLOYMENT_TARGET = 14.0;
				LD_RUNPATH_SEARCH_PATHS = (
					"$(inherited)",
					"@executable_path/Frameworks",
					"@loader_path/Frameworks",
				);
				PRODUCT_BUNDLE_IDENTIFIER = com.ikemattice.CharacterCreatorUITests;
				PRODUCT_NAME = "$(TARGET_NAME)";
				SWIFT_VERSION = 5.0;
				TARGETED_DEVICE_FAMILY = "1,2";
				TEST_TARGET_NAME = CharacterCreator;
			};
			name = Release;
		};
/* End XCBuildConfiguration section */

/* Begin XCConfigurationList section */
		8123670820CA44DA00F7AEFC /* Build configuration list for PBXProject "CharacterCreator" */ = {
			isa = XCConfigurationList;
			buildConfigurations = (
				8123673620CA44DD00F7AEFC /* Debug */,
				8123673720CA44DD00F7AEFC /* Release */,
			);
			defaultConfigurationIsVisible = 0;
			defaultConfigurationName = Release;
		};
		8123673820CA44DD00F7AEFC /* Build configuration list for PBXNativeTarget "CharacterCreator" */ = {
			isa = XCConfigurationList;
			buildConfigurations = (
				8123673920CA44DD00F7AEFC /* Debug */,
				8123673A20CA44DD00F7AEFC /* Release */,
			);
			defaultConfigurationIsVisible = 0;
			defaultConfigurationName = Release;
		};
		8123673B20CA44DD00F7AEFC /* Build configuration list for PBXNativeTarget "CharacterCreatorTests" */ = {
			isa = XCConfigurationList;
			buildConfigurations = (
				8123673C20CA44DD00F7AEFC /* Debug */,
				8123673D20CA44DD00F7AEFC /* Release */,
			);
			defaultConfigurationIsVisible = 0;
			defaultConfigurationName = Release;
		};
		8123673E20CA44DD00F7AEFC /* Build configuration list for PBXNativeTarget "CharacterCreatorUITests" */ = {
			isa = XCConfigurationList;
			buildConfigurations = (
				8123673F20CA44DD00F7AEFC /* Debug */,
				8123674020CA44DD00F7AEFC /* Release */,
			);
			defaultConfigurationIsVisible = 0;
			defaultConfigurationName = Release;
		};
/* End XCConfigurationList section */

/* Begin XCVersionGroup section */
		81C8B8E0253E211D0086F6C8 /* Records.xcdatamodeld */ = {
			isa = XCVersionGroup;
			children = (
				81C8B8E1253E211D0086F6C8 /* Records.xcdatamodel */,
			);
			currentVersion = 81C8B8E1253E211D0086F6C8 /* Records.xcdatamodel */;
			path = Records.xcdatamodeld;
			sourceTree = "<group>";
			versionGroupType = wrapper.xcdatamodel;
		};
/* End XCVersionGroup section */
	};
	rootObject = 8123670520CA44DA00F7AEFC /* Project object */;
}
